
Microsoft Visual Studio Solution File, Format Version 12.00
# Visual Studio 15
VisualStudioVersion = 15.0.26304.0
MinimumVisualStudioVersion = 10.0.40219.1
Project("{2150E333-8FDC-42A3-9474-1A3956D46DE8}") = "WPF", "WPF", "{3FACD548-02A3-40D2-92BB-2134284C33F5}"
EndProject
Project("{2150E333-8FDC-42A3-9474-1A3956D46DE8}") = "Themes", "Themes", "{9291A0A5-2F56-4934-914C-AA799796C9B2}"
EndProject
Project("{2150E333-8FDC-42A3-9474-1A3956D46DE8}") = "Controls", "Controls", "{87096A17-E9A2-41CE-9C6E-CC4B95902B8D}"
EndProject
Project("{2150E333-8FDC-42A3-9474-1A3956D46DE8}") = "Templates", "Templates", "{60C80E19-C757-444E-9C5B-BBD23D3755B7}"
EndProject
Project("{FAE04EC0-301F-11D3-BF4B-00C04F79EFBC}") = "Sobees.WPF", "WPF\Sobees.WPF\Sobees.WPF.csproj", "{1A04EEDB-92B1-4900-A7F6-4967DEB9E1B8}"
	ProjectSection(ProjectDependencies) = postProject
		{7661680B-0696-4F3A-8C90-992FB1728971} = {7661680B-0696-4F3A-8C90-992FB1728971}
		{B022381A-54F6-4B3C-B13F-F95FBFBB54AE} = {B022381A-54F6-4B3C-B13F-F95FBFBB54AE}
		{F859CA26-F5AB-421B-807D-FE4ED3B257E5} = {F859CA26-F5AB-421B-807D-FE4ED3B257E5}
		{4BC73253-CAE9-474B-BB52-D7C8750B39DD} = {4BC73253-CAE9-474B-BB52-D7C8750B39DD}
		{C3309487-776A-479E-8CDC-BE291631B12B} = {C3309487-776A-479E-8CDC-BE291631B12B}
		{5E1B61EB-D393-465A-B706-FC516C456F3D} = {5E1B61EB-D393-465A-B706-FC516C456F3D}
		{565A74ED-24A3-48AC-905E-4CD16D54F0D4} = {565A74ED-24A3-48AC-905E-4CD16D54F0D4}
		{D477A7F0-EC09-45EB-8EE9-7B1C2E76A0DD} = {D477A7F0-EC09-45EB-8EE9-7B1C2E76A0DD}
		{5EE0FBFF-3A4B-4892-B5FB-09E30FFC312B} = {5EE0FBFF-3A4B-4892-B5FB-09E30FFC312B}
	EndProjectSection
EndProject
Project("{2150E333-8FDC-42A3-9474-1A3956D46DE8}") = "SharedLibraries", "SharedLibraries", "{DD66017F-7F66-4BDD-AAD8-09525E3BA5D7}"
EndProject
Project("{2150E333-8FDC-42A3-9474-1A3956D46DE8}") = "Infrastructure", "Infrastructure", "{F3E7E7E4-F5A9-4B66-A180-7938DE273A44}"
EndProject
Project("{2150E333-8FDC-42A3-9474-1A3956D46DE8}") = "Globals", "Globals", "{CE7F56D4-CEF5-487A-B717-F1AAC7D100D2}"
EndProject
Project("{2150E333-8FDC-42A3-9474-1A3956D46DE8}") = "Solution Items", "Solution Items", "{6E751244-E6C8-4B9C-8102-552615A5D823}"
	ProjectSection(SolutionItems) = preProject
		SobeesKey.snk = SobeesKey.snk
	EndProjectSection
EndProject
Project("{2150E333-8FDC-42A3-9474-1A3956D46DE8}") = "ThirdPary", "ThirdPary", "{268C6BA7-04B5-46E8-AD16-840D4E028D58}"
EndProject
Project("{FAE04EC0-301F-11D3-BF4B-00C04F79EFBC}") = "Sobees.Infrastructure.WPF", "Infrastucture\Sobees.Infrastructure.WPF\Sobees.Infrastructure.WPF.csproj", "{0AA29174-3175-4583-9CBB-C08FBB7C2245}"
EndProject
Project("{FAE04EC0-301F-11D3-BF4B-00C04F79EFBC}") = "Sobees.Tools.WPF", "Infrastucture\Sobees.Tools.WPF\Sobees.Tools.WPF.csproj", "{266D7349-A7EC-4B5B-AA38-44D5AB276357}"
EndProject
Project("{FAE04EC0-301F-11D3-BF4B-00C04F79EFBC}") = "Sobees.Templates.WPF", "Templates\Sobees.Templates.WPF\Sobees.Templates.WPF.csproj", "{A13A71EB-4DBE-4653-875F-E8FC359BE2A4}"
EndProject
Project("{FAE04EC0-301F-11D3-BF4B-00C04F79EFBC}") = "Sobees.Controls.Twitter.WPF", "Controls\Sobees.Controls.Twitter.WPF\Sobees.Controls.Twitter.WPF.csproj", "{5E1B61EB-D393-465A-B706-FC516C456F3D}"
EndProject
Project("{FAE04EC0-301F-11D3-BF4B-00C04F79EFBC}") = "Sobees.Controls.TwitterSearch.WPF", "Controls\Sobees.Controls.TwitterSearch.WPF\Sobees.Controls.TwitterSearch.WPF.csproj", "{D477A7F0-EC09-45EB-8EE9-7B1C2E76A0DD}"
EndProject
Project("{FAE04EC0-301F-11D3-BF4B-00C04F79EFBC}") = "UniveRss.HtmlConverter", "ThirdParty\UniveRss.HtmlConverter\UniveRss.HtmlConverter\UniveRss.HtmlConverter.csproj", "{B022381A-54F6-4B3C-B13F-F95FBFBB54AE}"
EndProject
Project("{FAE04EC0-301F-11D3-BF4B-00C04F79EFBC}") = "BUtilities", "SharedLibraries\BUtilities\BUtilities.csproj", "{A1326555-AD64-4A93-A95C-B68ABD5672D4}"
EndProject
Project("{FAE04EC0-301F-11D3-BF4B-00C04F79EFBC}") = "BTransitionEffects", "SharedLibraries\BTransitionEffects\BTransitionEffects.csproj", "{C044C5A8-5694-4311-AB9B-FE1E122AEFE2}"
EndProject
Project("{FAE04EC0-301F-11D3-BF4B-00C04F79EFBC}") = "BServicesLib", "SharedLibraries\BServicesLib\BServicesLib.csproj", "{0F71F91F-358F-4320-8618-C4EFB140EDC7}"
EndProject
Project("{FAE04EC0-301F-11D3-BF4B-00C04F79EFBC}") = "BLocalizeLib", "SharedLibraries\BLocalizeLib\BLocalizeLib.csproj", "{D52AF832-82BC-4B1A-BC9C-16D2C204F169}"
EndProject
Project("{FAE04EC0-301F-11D3-BF4B-00C04F79EFBC}") = "BGlassWindow", "SharedLibraries\BGlassWindow\BGlassWindow.csproj", "{C3309487-776A-479E-8CDC-BE291631B12B}"
EndProject
Project("{FAE04EC0-301F-11D3-BF4B-00C04F79EFBC}") = "BGenericLib", "SharedLibraries\BGenericLib\BGenericLib.csproj", "{4F658495-3989-461D-B2BE-A989ABAF1A47}"
EndProject
Project("{FAE04EC0-301F-11D3-BF4B-00C04F79EFBC}") = "BTwitterLib", "SharedLibraries\BTwitterLib\BTwitterLib.csproj", "{3581983A-7231-4F33-A3F8-73BCF040BFD4}"
EndProject
Project("{FAE04EC0-301F-11D3-BF4B-00C04F79EFBC}") = "BDragDropLib", "SharedLibraries\BDragDropLib\WpfDragDropLib\BDragDropLib.csproj", "{2DAF1685-10C7-46B9-9C99-B38CC6143C89}"
EndProject
Project("{FAE04EC0-301F-11D3-BF4B-00C04F79EFBC}") = "BGoogleLib", "SharedLibraries\GAPI\GAPI\BGoogleLib.csproj", "{4E43C62A-4F88-45B6-A420-ECE29917822C}"
EndProject
Project("{FAE04EC0-301F-11D3-BF4B-00C04F79EFBC}") = "BChromeWindow", "SharedLibraries\BChromeWindow\BChromeWindow.csproj", "{6E840110-C9E8-4C86-A061-4ED8F3438F12}"
EndProject
Project("{FAE04EC0-301F-11D3-BF4B-00C04F79EFBC}") = "BGlobals.WPF", "WPF\BGlobals.WPF\BGlobals.WPF.csproj", "{A0D73DD4-543F-41C7-8ADE-ED57D8B5EB90}"
EndProject
Project("{FAE04EC0-301F-11D3-BF4B-00C04F79EFBC}") = "BThemeBlack.WPF", "Templates\Themes\BThemeBlack.WPF\BThemeBlack.WPF.csproj", "{5EE0FBFF-3A4B-4892-B5FB-09E30FFC312B}"
EndProject
Project("{FAE04EC0-301F-11D3-BF4B-00C04F79EFBC}") = "BThemeClassical.WPF", "Templates\Themes\bThemeClassical.WPF\BThemeClassical.WPF.csproj", "{7661680B-0696-4F3A-8C90-992FB1728971}"
EndProject
Project("{FAE04EC0-301F-11D3-BF4B-00C04F79EFBC}") = "BThemeForest.WPF", "Templates\Themes\BThemeForest.WPF\BThemeForest.WPF.csproj", "{4BC73253-CAE9-474B-BB52-D7C8750B39DD}"
EndProject
Project("{FAE04EC0-301F-11D3-BF4B-00C04F79EFBC}") = "BThemePurple.WPF", "Templates\Themes\BThemePurple.WPF\BThemePurple.WPF.csproj", "{565A74ED-24A3-48AC-905E-4CD16D54F0D4}"
EndProject
Project("{FAE04EC0-301F-11D3-BF4B-00C04F79EFBC}") = "BThemeSnow.WPF", "Templates\Themes\BThemeSnow.WPF\BThemeSnow.WPF.csproj", "{F859CA26-F5AB-421B-807D-FE4ED3B257E5}"
EndProject
Project("{2150E333-8FDC-42A3-9474-1A3956D46DE8}") = ".nuget", ".nuget", "{7FDDA2EC-A56F-4950-AE2F-4E3223EF525B}"
	ProjectSection(SolutionItems) = preProject
		.nuget\NuGet.Config = .nuget\NuGet.Config
		.nuget\NuGet.exe = .nuget\NuGet.exe
		.nuget\NuGet.targets = .nuget\NuGet.targets
	EndProjectSection
EndProject
Project("{FAE04EC0-301F-11D3-BF4B-00C04F79EFBC}") = "BResolveUrlLibrary", "SharedLibraries\BResolveUrlLibrary\BResolveUrlLibrary.csproj", "{DD6A4521-3405-4B1A-8C6B-638B65D8E8A4}"
EndProject
Project("{2150E333-8FDC-42A3-9474-1A3956D46DE8}") = "Setup", "Setup", "{0361409C-8D08-45B2-83C4-5FFFF73342D8}"
EndProject
Project("{2150E333-8FDC-42A3-9474-1A3956D46DE8}") = ".deploy", ".deploy", "{5BA01776-3998-4C0A-8662-CCB8C391CCE9}"
	ProjectSection(SolutionItems) = preProject
		..\..\..\..\..\Windows\System32\cmd.exe = ..\..\..\..\..\Windows\System32\cmd.exe
		.deploy\ConvertToAppx.cmd = .deploy\ConvertToAppx.cmd
		.deploy\InstallCert.cmd = .deploy\InstallCert.cmd
		.deploy\InstallCert.ps1 = .deploy\InstallCert.ps1
		.deploy\sobeesCert.cer = .deploy\sobeesCert.cer
		.deploy\Sobeescert.pfx = .deploy\Sobeescert.pfx
		.deploy\sobeescert.snk = .deploy\sobeescert.snk
	EndProjectSection
EndProject
Project("{FAE04EC0-301F-11D3-BF4B-00C04F79EFBC}") = "SobeesMsiSetup", "Setup\SobeesMsiSetup\SobeesMsiSetup.csproj", "{C9A243E5-6443-4A00-ACAC-C20A61286264}"
EndProject
Global
	GlobalSection(SolutionConfigurationPlatforms) = preSolution
		CodeAnalysisDebug|Any CPU = CodeAnalysisDebug|Any CPU
		CodeAnalysisDebug|Mixed Platforms = CodeAnalysisDebug|Mixed Platforms
		CodeAnalysisDebug|x86 = CodeAnalysisDebug|x86
		Debug|Any CPU = Debug|Any CPU
		Debug|Mixed Platforms = Debug|Mixed Platforms
		Debug|x86 = Debug|x86
		DebugWPF|Any CPU = DebugWPF|Any CPU
		DebugWPF|Mixed Platforms = DebugWPF|Mixed Platforms
		DebugWPF|x86 = DebugWPF|x86
		DEVMIN|Any CPU = DEVMIN|Any CPU
		DEVMIN|Mixed Platforms = DEVMIN|Mixed Platforms
		DEVMIN|x86 = DEVMIN|x86
		Release|Any CPU = Release|Any CPU
		Release|Mixed Platforms = Release|Mixed Platforms
		Release|x86 = Release|x86
	EndGlobalSection
	GlobalSection(ProjectConfigurationPlatforms) = postSolution
		{1A04EEDB-92B1-4900-A7F6-4967DEB9E1B8}.CodeAnalysisDebug|Any CPU.ActiveCfg = Debug|Any CPU
		{1A04EEDB-92B1-4900-A7F6-4967DEB9E1B8}.CodeAnalysisDebug|Any CPU.Build.0 = Debug|Any CPU
		{1A04EEDB-92B1-4900-A7F6-4967DEB9E1B8}.CodeAnalysisDebug|Mixed Platforms.ActiveCfg = Debug|x86
		{1A04EEDB-92B1-4900-A7F6-4967DEB9E1B8}.CodeAnalysisDebug|Mixed Platforms.Build.0 = Debug|x86
		{1A04EEDB-92B1-4900-A7F6-4967DEB9E1B8}.CodeAnalysisDebug|x86.ActiveCfg = Debug|x86
		{1A04EEDB-92B1-4900-A7F6-4967DEB9E1B8}.CodeAnalysisDebug|x86.Build.0 = Debug|x86
		{1A04EEDB-92B1-4900-A7F6-4967DEB9E1B8}.Debug|Any CPU.ActiveCfg = Debug|Any CPU
		{1A04EEDB-92B1-4900-A7F6-4967DEB9E1B8}.Debug|Any CPU.Build.0 = Debug|Any CPU
		{1A04EEDB-92B1-4900-A7F6-4967DEB9E1B8}.Debug|Mixed Platforms.ActiveCfg = Debug|x86
		{1A04EEDB-92B1-4900-A7F6-4967DEB9E1B8}.Debug|Mixed Platforms.Build.0 = Debug|x86
		{1A04EEDB-92B1-4900-A7F6-4967DEB9E1B8}.Debug|x86.ActiveCfg = Debug|Any CPU
		{1A04EEDB-92B1-4900-A7F6-4967DEB9E1B8}.DebugWPF|Any CPU.ActiveCfg = DebugWPF|Any CPU
		{1A04EEDB-92B1-4900-A7F6-4967DEB9E1B8}.DebugWPF|Any CPU.Build.0 = DebugWPF|Any CPU
		{1A04EEDB-92B1-4900-A7F6-4967DEB9E1B8}.DebugWPF|Mixed Platforms.ActiveCfg = DebugWPF|x86
		{1A04EEDB-92B1-4900-A7F6-4967DEB9E1B8}.DebugWPF|Mixed Platforms.Build.0 = DebugWPF|x86
		{1A04EEDB-92B1-4900-A7F6-4967DEB9E1B8}.DebugWPF|x86.ActiveCfg = DebugWPF|x86
		{1A04EEDB-92B1-4900-A7F6-4967DEB9E1B8}.DebugWPF|x86.Build.0 = DebugWPF|x86
		{1A04EEDB-92B1-4900-A7F6-4967DEB9E1B8}.DEVMIN|Any CPU.ActiveCfg = DebugWPF|x86
		{1A04EEDB-92B1-4900-A7F6-4967DEB9E1B8}.DEVMIN|Mixed Platforms.ActiveCfg = DebugWPF|x86
		{1A04EEDB-92B1-4900-A7F6-4967DEB9E1B8}.DEVMIN|Mixed Platforms.Build.0 = DebugWPF|x86
		{1A04EEDB-92B1-4900-A7F6-4967DEB9E1B8}.DEVMIN|x86.ActiveCfg = DebugWPF|x86
		{1A04EEDB-92B1-4900-A7F6-4967DEB9E1B8}.DEVMIN|x86.Build.0 = DebugWPF|x86
		{1A04EEDB-92B1-4900-A7F6-4967DEB9E1B8}.Release|Any CPU.ActiveCfg = Release|Any CPU
		{1A04EEDB-92B1-4900-A7F6-4967DEB9E1B8}.Release|Any CPU.Build.0 = Release|Any CPU
		{1A04EEDB-92B1-4900-A7F6-4967DEB9E1B8}.Release|Mixed Platforms.ActiveCfg = Release|Any CPU
		{1A04EEDB-92B1-4900-A7F6-4967DEB9E1B8}.Release|Mixed Platforms.Build.0 = Release|Any CPU
		{1A04EEDB-92B1-4900-A7F6-4967DEB9E1B8}.Release|x86.ActiveCfg = Release|Any CPU
		{0AA29174-3175-4583-9CBB-C08FBB7C2245}.CodeAnalysisDebug|Any CPU.ActiveCfg = Debug|Any CPU
		{0AA29174-3175-4583-9CBB-C08FBB7C2245}.CodeAnalysisDebug|Any CPU.Build.0 = Debug|Any CPU
		{0AA29174-3175-4583-9CBB-C08FBB7C2245}.CodeAnalysisDebug|Mixed Platforms.ActiveCfg = Debug|x86
		{0AA29174-3175-4583-9CBB-C08FBB7C2245}.CodeAnalysisDebug|Mixed Platforms.Build.0 = Debug|x86
		{0AA29174-3175-4583-9CBB-C08FBB7C2245}.CodeAnalysisDebug|x86.ActiveCfg = Debug|x86
		{0AA29174-3175-4583-9CBB-C08FBB7C2245}.CodeAnalysisDebug|x86.Build.0 = Debug|x86
		{0AA29174-3175-4583-9CBB-C08FBB7C2245}.Debug|Any CPU.ActiveCfg = Debug|Any CPU
		{0AA29174-3175-4583-9CBB-C08FBB7C2245}.Debug|Any CPU.Build.0 = Debug|Any CPU
		{0AA29174-3175-4583-9CBB-C08FBB7C2245}.Debug|Mixed Platforms.ActiveCfg = Debug|Any CPU
		{0AA29174-3175-4583-9CBB-C08FBB7C2245}.Debug|Mixed Platforms.Build.0 = Debug|Any CPU
		{0AA29174-3175-4583-9CBB-C08FBB7C2245}.Debug|x86.ActiveCfg = Debug|x86
		{0AA29174-3175-4583-9CBB-C08FBB7C2245}.Debug|x86.Build.0 = Debug|x86
		{0AA29174-3175-4583-9CBB-C08FBB7C2245}.DebugWPF|Any CPU.ActiveCfg = DebugWPF|Any CPU
		{0AA29174-3175-4583-9CBB-C08FBB7C2245}.DebugWPF|Any CPU.Build.0 = DebugWPF|Any CPU
		{0AA29174-3175-4583-9CBB-C08FBB7C2245}.DebugWPF|Mixed Platforms.ActiveCfg = DebugWPF|x86
		{0AA29174-3175-4583-9CBB-C08FBB7C2245}.DebugWPF|Mixed Platforms.Build.0 = DebugWPF|x86
		{0AA29174-3175-4583-9CBB-C08FBB7C2245}.DebugWPF|x86.ActiveCfg = DebugWPF|x86
		{0AA29174-3175-4583-9CBB-C08FBB7C2245}.DebugWPF|x86.Build.0 = DebugWPF|x86
		{0AA29174-3175-4583-9CBB-C08FBB7C2245}.DEVMIN|Any CPU.ActiveCfg = DebugWPF|Any CPU
		{0AA29174-3175-4583-9CBB-C08FBB7C2245}.DEVMIN|Any CPU.Build.0 = DebugWPF|Any CPU
		{0AA29174-3175-4583-9CBB-C08FBB7C2245}.DEVMIN|Mixed Platforms.ActiveCfg = DebugWPF|x86
		{0AA29174-3175-4583-9CBB-C08FBB7C2245}.DEVMIN|Mixed Platforms.Build.0 = DebugWPF|x86
		{0AA29174-3175-4583-9CBB-C08FBB7C2245}.DEVMIN|x86.ActiveCfg = DebugWPF|x86
		{0AA29174-3175-4583-9CBB-C08FBB7C2245}.DEVMIN|x86.Build.0 = DebugWPF|x86
		{0AA29174-3175-4583-9CBB-C08FBB7C2245}.Release|Any CPU.ActiveCfg = Release|Any CPU
		{0AA29174-3175-4583-9CBB-C08FBB7C2245}.Release|Any CPU.Build.0 = Release|Any CPU
		{0AA29174-3175-4583-9CBB-C08FBB7C2245}.Release|Mixed Platforms.ActiveCfg = Release|x86
		{0AA29174-3175-4583-9CBB-C08FBB7C2245}.Release|Mixed Platforms.Build.0 = Release|x86
		{0AA29174-3175-4583-9CBB-C08FBB7C2245}.Release|x86.ActiveCfg = Release|x86
		{0AA29174-3175-4583-9CBB-C08FBB7C2245}.Release|x86.Build.0 = Release|x86
		{266D7349-A7EC-4B5B-AA38-44D5AB276357}.CodeAnalysisDebug|Any CPU.ActiveCfg = Debug|Any CPU
		{266D7349-A7EC-4B5B-AA38-44D5AB276357}.CodeAnalysisDebug|Any CPU.Build.0 = Debug|Any CPU
		{266D7349-A7EC-4B5B-AA38-44D5AB276357}.CodeAnalysisDebug|Mixed Platforms.ActiveCfg = Debug|x86
		{266D7349-A7EC-4B5B-AA38-44D5AB276357}.CodeAnalysisDebug|Mixed Platforms.Build.0 = Debug|x86
		{266D7349-A7EC-4B5B-AA38-44D5AB276357}.CodeAnalysisDebug|x86.ActiveCfg = Debug|x86
		{266D7349-A7EC-4B5B-AA38-44D5AB276357}.CodeAnalysisDebug|x86.Build.0 = Debug|x86
		{266D7349-A7EC-4B5B-AA38-44D5AB276357}.Debug|Any CPU.ActiveCfg = Debug|Any CPU
		{266D7349-A7EC-4B5B-AA38-44D5AB276357}.Debug|Any CPU.Build.0 = Debug|Any CPU
		{266D7349-A7EC-4B5B-AA38-44D5AB276357}.Debug|Mixed Platforms.ActiveCfg = Debug|Any CPU
		{266D7349-A7EC-4B5B-AA38-44D5AB276357}.Debug|Mixed Platforms.Build.0 = Debug|Any CPU
		{266D7349-A7EC-4B5B-AA38-44D5AB276357}.Debug|x86.ActiveCfg = Debug|x86
		{266D7349-A7EC-4B5B-AA38-44D5AB276357}.Debug|x86.Build.0 = Debug|x86
		{266D7349-A7EC-4B5B-AA38-44D5AB276357}.DebugWPF|Any CPU.ActiveCfg = DebugWPF|Any CPU
		{266D7349-A7EC-4B5B-AA38-44D5AB276357}.DebugWPF|Any CPU.Build.0 = DebugWPF|Any CPU
		{266D7349-A7EC-4B5B-AA38-44D5AB276357}.DebugWPF|Mixed Platforms.ActiveCfg = DebugWPF|x86
		{266D7349-A7EC-4B5B-AA38-44D5AB276357}.DebugWPF|Mixed Platforms.Build.0 = DebugWPF|x86
		{266D7349-A7EC-4B5B-AA38-44D5AB276357}.DebugWPF|x86.ActiveCfg = DebugWPF|x86
		{266D7349-A7EC-4B5B-AA38-44D5AB276357}.DebugWPF|x86.Build.0 = DebugWPF|x86
		{266D7349-A7EC-4B5B-AA38-44D5AB276357}.DEVMIN|Any CPU.ActiveCfg = DebugWPF|Any CPU
		{266D7349-A7EC-4B5B-AA38-44D5AB276357}.DEVMIN|Any CPU.Build.0 = DebugWPF|Any CPU
		{266D7349-A7EC-4B5B-AA38-44D5AB276357}.DEVMIN|Mixed Platforms.ActiveCfg = DebugWPF|x86
		{266D7349-A7EC-4B5B-AA38-44D5AB276357}.DEVMIN|Mixed Platforms.Build.0 = DebugWPF|x86
		{266D7349-A7EC-4B5B-AA38-44D5AB276357}.DEVMIN|x86.ActiveCfg = DebugWPF|x86
		{266D7349-A7EC-4B5B-AA38-44D5AB276357}.DEVMIN|x86.Build.0 = DebugWPF|x86
		{266D7349-A7EC-4B5B-AA38-44D5AB276357}.Release|Any CPU.ActiveCfg = Release|Any CPU
		{266D7349-A7EC-4B5B-AA38-44D5AB276357}.Release|Any CPU.Build.0 = Release|Any CPU
		{266D7349-A7EC-4B5B-AA38-44D5AB276357}.Release|Mixed Platforms.ActiveCfg = Release|x86
		{266D7349-A7EC-4B5B-AA38-44D5AB276357}.Release|Mixed Platforms.Build.0 = Release|x86
		{266D7349-A7EC-4B5B-AA38-44D5AB276357}.Release|x86.ActiveCfg = Release|x86
		{266D7349-A7EC-4B5B-AA38-44D5AB276357}.Release|x86.Build.0 = Release|x86
		{A13A71EB-4DBE-4653-875F-E8FC359BE2A4}.CodeAnalysisDebug|Any CPU.ActiveCfg = Debug|Any CPU
		{A13A71EB-4DBE-4653-875F-E8FC359BE2A4}.CodeAnalysisDebug|Any CPU.Build.0 = Debug|Any CPU
		{A13A71EB-4DBE-4653-875F-E8FC359BE2A4}.CodeAnalysisDebug|Mixed Platforms.ActiveCfg = Debug|x86
		{A13A71EB-4DBE-4653-875F-E8FC359BE2A4}.CodeAnalysisDebug|Mixed Platforms.Build.0 = Debug|x86
		{A13A71EB-4DBE-4653-875F-E8FC359BE2A4}.CodeAnalysisDebug|x86.ActiveCfg = Debug|x86
		{A13A71EB-4DBE-4653-875F-E8FC359BE2A4}.CodeAnalysisDebug|x86.Build.0 = Debug|x86
		{A13A71EB-4DBE-4653-875F-E8FC359BE2A4}.Debug|Any CPU.ActiveCfg = Debug|Any CPU
		{A13A71EB-4DBE-4653-875F-E8FC359BE2A4}.Debug|Any CPU.Build.0 = Debug|Any CPU
		{A13A71EB-4DBE-4653-875F-E8FC359BE2A4}.Debug|Mixed Platforms.ActiveCfg = Debug|Any CPU
		{A13A71EB-4DBE-4653-875F-E8FC359BE2A4}.Debug|Mixed Platforms.Build.0 = Debug|Any CPU
		{A13A71EB-4DBE-4653-875F-E8FC359BE2A4}.Debug|x86.ActiveCfg = Debug|x86
		{A13A71EB-4DBE-4653-875F-E8FC359BE2A4}.Debug|x86.Build.0 = Debug|x86
		{A13A71EB-4DBE-4653-875F-E8FC359BE2A4}.DebugWPF|Any CPU.ActiveCfg = DebugWPF|Any CPU
		{A13A71EB-4DBE-4653-875F-E8FC359BE2A4}.DebugWPF|Any CPU.Build.0 = DebugWPF|Any CPU
		{A13A71EB-4DBE-4653-875F-E8FC359BE2A4}.DebugWPF|Mixed Platforms.ActiveCfg = DebugWPF|x86
		{A13A71EB-4DBE-4653-875F-E8FC359BE2A4}.DebugWPF|Mixed Platforms.Build.0 = DebugWPF|x86
		{A13A71EB-4DBE-4653-875F-E8FC359BE2A4}.DebugWPF|x86.ActiveCfg = DebugWPF|x86
		{A13A71EB-4DBE-4653-875F-E8FC359BE2A4}.DebugWPF|x86.Build.0 = DebugWPF|x86
		{A13A71EB-4DBE-4653-875F-E8FC359BE2A4}.DEVMIN|Any CPU.ActiveCfg = DebugWPF|Any CPU
		{A13A71EB-4DBE-4653-875F-E8FC359BE2A4}.DEVMIN|Any CPU.Build.0 = DebugWPF|Any CPU
		{A13A71EB-4DBE-4653-875F-E8FC359BE2A4}.DEVMIN|Mixed Platforms.ActiveCfg = DebugWPF|x86
		{A13A71EB-4DBE-4653-875F-E8FC359BE2A4}.DEVMIN|Mixed Platforms.Build.0 = DebugWPF|x86
		{A13A71EB-4DBE-4653-875F-E8FC359BE2A4}.DEVMIN|x86.ActiveCfg = DebugWPF|x86
		{A13A71EB-4DBE-4653-875F-E8FC359BE2A4}.DEVMIN|x86.Build.0 = DebugWPF|x86
		{A13A71EB-4DBE-4653-875F-E8FC359BE2A4}.Release|Any CPU.ActiveCfg = Release|Any CPU
		{A13A71EB-4DBE-4653-875F-E8FC359BE2A4}.Release|Any CPU.Build.0 = Release|Any CPU
		{A13A71EB-4DBE-4653-875F-E8FC359BE2A4}.Release|Mixed Platforms.ActiveCfg = Release|x86
		{A13A71EB-4DBE-4653-875F-E8FC359BE2A4}.Release|Mixed Platforms.Build.0 = Release|x86
		{A13A71EB-4DBE-4653-875F-E8FC359BE2A4}.Release|x86.ActiveCfg = Release|x86
		{A13A71EB-4DBE-4653-875F-E8FC359BE2A4}.Release|x86.Build.0 = Release|x86
		{5E1B61EB-D393-465A-B706-FC516C456F3D}.CodeAnalysisDebug|Any CPU.ActiveCfg = Debug|Any CPU
		{5E1B61EB-D393-465A-B706-FC516C456F3D}.CodeAnalysisDebug|Any CPU.Build.0 = Debug|Any CPU
		{5E1B61EB-D393-465A-B706-FC516C456F3D}.CodeAnalysisDebug|Mixed Platforms.ActiveCfg = Debug|x86
		{5E1B61EB-D393-465A-B706-FC516C456F3D}.CodeAnalysisDebug|Mixed Platforms.Build.0 = Debug|x86
		{5E1B61EB-D393-465A-B706-FC516C456F3D}.CodeAnalysisDebug|x86.ActiveCfg = Debug|x86
		{5E1B61EB-D393-465A-B706-FC516C456F3D}.CodeAnalysisDebug|x86.Build.0 = Debug|x86
		{5E1B61EB-D393-465A-B706-FC516C456F3D}.Debug|Any CPU.ActiveCfg = Debug|Any CPU
		{5E1B61EB-D393-465A-B706-FC516C456F3D}.Debug|Any CPU.Build.0 = Debug|Any CPU
		{5E1B61EB-D393-465A-B706-FC516C456F3D}.Debug|Mixed Platforms.ActiveCfg = Debug|Any CPU
		{5E1B61EB-D393-465A-B706-FC516C456F3D}.Debug|Mixed Platforms.Build.0 = Debug|Any CPU
		{5E1B61EB-D393-465A-B706-FC516C456F3D}.Debug|x86.ActiveCfg = Debug|x86
		{5E1B61EB-D393-465A-B706-FC516C456F3D}.Debug|x86.Build.0 = Debug|x86
		{5E1B61EB-D393-465A-B706-FC516C456F3D}.DebugWPF|Any CPU.ActiveCfg = DebugWPF|Any CPU
		{5E1B61EB-D393-465A-B706-FC516C456F3D}.DebugWPF|Any CPU.Build.0 = DebugWPF|Any CPU
		{5E1B61EB-D393-465A-B706-FC516C456F3D}.DebugWPF|Mixed Platforms.ActiveCfg = DebugWPF|x86
		{5E1B61EB-D393-465A-B706-FC516C456F3D}.DebugWPF|Mixed Platforms.Build.0 = DebugWPF|x86
		{5E1B61EB-D393-465A-B706-FC516C456F3D}.DebugWPF|x86.ActiveCfg = DebugWPF|x86
		{5E1B61EB-D393-465A-B706-FC516C456F3D}.DebugWPF|x86.Build.0 = DebugWPF|x86
		{5E1B61EB-D393-465A-B706-FC516C456F3D}.DEVMIN|Any CPU.ActiveCfg = DebugWPF|Any CPU
		{5E1B61EB-D393-465A-B706-FC516C456F3D}.DEVMIN|Any CPU.Build.0 = DebugWPF|Any CPU
		{5E1B61EB-D393-465A-B706-FC516C456F3D}.DEVMIN|Mixed Platforms.ActiveCfg = DebugWPF|x86
		{5E1B61EB-D393-465A-B706-FC516C456F3D}.DEVMIN|Mixed Platforms.Build.0 = DebugWPF|x86
		{5E1B61EB-D393-465A-B706-FC516C456F3D}.DEVMIN|x86.ActiveCfg = DebugWPF|x86
		{5E1B61EB-D393-465A-B706-FC516C456F3D}.DEVMIN|x86.Build.0 = DebugWPF|x86
		{5E1B61EB-D393-465A-B706-FC516C456F3D}.Release|Any CPU.ActiveCfg = Release|Any CPU
		{5E1B61EB-D393-465A-B706-FC516C456F3D}.Release|Any CPU.Build.0 = Release|Any CPU
		{5E1B61EB-D393-465A-B706-FC516C456F3D}.Release|Mixed Platforms.ActiveCfg = Release|x86
		{5E1B61EB-D393-465A-B706-FC516C456F3D}.Release|Mixed Platforms.Build.0 = Release|x86
		{5E1B61EB-D393-465A-B706-FC516C456F3D}.Release|x86.ActiveCfg = Release|x86
		{5E1B61EB-D393-465A-B706-FC516C456F3D}.Release|x86.Build.0 = Release|x86
		{D477A7F0-EC09-45EB-8EE9-7B1C2E76A0DD}.CodeAnalysisDebug|Any CPU.ActiveCfg = Debug|Any CPU
		{D477A7F0-EC09-45EB-8EE9-7B1C2E76A0DD}.CodeAnalysisDebug|Any CPU.Build.0 = Debug|Any CPU
		{D477A7F0-EC09-45EB-8EE9-7B1C2E76A0DD}.CodeAnalysisDebug|Mixed Platforms.ActiveCfg = Debug|x86
		{D477A7F0-EC09-45EB-8EE9-7B1C2E76A0DD}.CodeAnalysisDebug|Mixed Platforms.Build.0 = Debug|x86
		{D477A7F0-EC09-45EB-8EE9-7B1C2E76A0DD}.CodeAnalysisDebug|x86.ActiveCfg = Debug|x86
		{D477A7F0-EC09-45EB-8EE9-7B1C2E76A0DD}.CodeAnalysisDebug|x86.Build.0 = Debug|x86
		{D477A7F0-EC09-45EB-8EE9-7B1C2E76A0DD}.Debug|Any CPU.ActiveCfg = Debug|Any CPU
		{D477A7F0-EC09-45EB-8EE9-7B1C2E76A0DD}.Debug|Any CPU.Build.0 = Debug|Any CPU
		{D477A7F0-EC09-45EB-8EE9-7B1C2E76A0DD}.Debug|Mixed Platforms.ActiveCfg = Debug|Any CPU
		{D477A7F0-EC09-45EB-8EE9-7B1C2E76A0DD}.Debug|Mixed Platforms.Build.0 = Debug|Any CPU
		{D477A7F0-EC09-45EB-8EE9-7B1C2E76A0DD}.Debug|x86.ActiveCfg = Debug|x86
		{D477A7F0-EC09-45EB-8EE9-7B1C2E76A0DD}.Debug|x86.Build.0 = Debug|x86
		{D477A7F0-EC09-45EB-8EE9-7B1C2E76A0DD}.DebugWPF|Any CPU.ActiveCfg = DebugWPF|Any CPU
		{D477A7F0-EC09-45EB-8EE9-7B1C2E76A0DD}.DebugWPF|Any CPU.Build.0 = DebugWPF|Any CPU
		{D477A7F0-EC09-45EB-8EE9-7B1C2E76A0DD}.DebugWPF|Mixed Platforms.ActiveCfg = DebugWPF|x86
		{D477A7F0-EC09-45EB-8EE9-7B1C2E76A0DD}.DebugWPF|Mixed Platforms.Build.0 = DebugWPF|x86
		{D477A7F0-EC09-45EB-8EE9-7B1C2E76A0DD}.DebugWPF|x86.ActiveCfg = DebugWPF|x86
		{D477A7F0-EC09-45EB-8EE9-7B1C2E76A0DD}.DebugWPF|x86.Build.0 = DebugWPF|x86
		{D477A7F0-EC09-45EB-8EE9-7B1C2E76A0DD}.DEVMIN|Any CPU.ActiveCfg = DebugWPF|Any CPU
		{D477A7F0-EC09-45EB-8EE9-7B1C2E76A0DD}.DEVMIN|Any CPU.Build.0 = DebugWPF|Any CPU
		{D477A7F0-EC09-45EB-8EE9-7B1C2E76A0DD}.DEVMIN|Mixed Platforms.ActiveCfg = DebugWPF|x86
		{D477A7F0-EC09-45EB-8EE9-7B1C2E76A0DD}.DEVMIN|Mixed Platforms.Build.0 = DebugWPF|x86
		{D477A7F0-EC09-45EB-8EE9-7B1C2E76A0DD}.DEVMIN|x86.ActiveCfg = DebugWPF|x86
		{D477A7F0-EC09-45EB-8EE9-7B1C2E76A0DD}.DEVMIN|x86.Build.0 = DebugWPF|x86
		{D477A7F0-EC09-45EB-8EE9-7B1C2E76A0DD}.Release|Any CPU.ActiveCfg = Release|Any CPU
		{D477A7F0-EC09-45EB-8EE9-7B1C2E76A0DD}.Release|Any CPU.Build.0 = Release|Any CPU
		{D477A7F0-EC09-45EB-8EE9-7B1C2E76A0DD}.Release|Mixed Platforms.ActiveCfg = Release|x86
		{D477A7F0-EC09-45EB-8EE9-7B1C2E76A0DD}.Release|Mixed Platforms.Build.0 = Release|x86
		{D477A7F0-EC09-45EB-8EE9-7B1C2E76A0DD}.Release|x86.ActiveCfg = Release|x86
		{D477A7F0-EC09-45EB-8EE9-7B1C2E76A0DD}.Release|x86.Build.0 = Release|x86
		{B022381A-54F6-4B3C-B13F-F95FBFBB54AE}.CodeAnalysisDebug|Any CPU.ActiveCfg = Debug|Any CPU
		{B022381A-54F6-4B3C-B13F-F95FBFBB54AE}.CodeAnalysisDebug|Any CPU.Build.0 = Debug|Any CPU
		{B022381A-54F6-4B3C-B13F-F95FBFBB54AE}.CodeAnalysisDebug|Mixed Platforms.ActiveCfg = Debug|Any CPU
		{B022381A-54F6-4B3C-B13F-F95FBFBB54AE}.CodeAnalysisDebug|Mixed Platforms.Build.0 = Debug|Any CPU
		{B022381A-54F6-4B3C-B13F-F95FBFBB54AE}.CodeAnalysisDebug|x86.ActiveCfg = Debug|Any CPU
		{B022381A-54F6-4B3C-B13F-F95FBFBB54AE}.Debug|Any CPU.ActiveCfg = Debug|Any CPU
		{B022381A-54F6-4B3C-B13F-F95FBFBB54AE}.Debug|Any CPU.Build.0 = Debug|Any CPU
		{B022381A-54F6-4B3C-B13F-F95FBFBB54AE}.Debug|Mixed Platforms.ActiveCfg = Debug|Any CPU
		{B022381A-54F6-4B3C-B13F-F95FBFBB54AE}.Debug|Mixed Platforms.Build.0 = Debug|Any CPU
		{B022381A-54F6-4B3C-B13F-F95FBFBB54AE}.Debug|x86.ActiveCfg = Debug|Any CPU
		{B022381A-54F6-4B3C-B13F-F95FBFBB54AE}.DebugWPF|Any CPU.ActiveCfg = Debug|Any CPU
		{B022381A-54F6-4B3C-B13F-F95FBFBB54AE}.DebugWPF|Any CPU.Build.0 = Debug|Any CPU
		{B022381A-54F6-4B3C-B13F-F95FBFBB54AE}.DebugWPF|Mixed Platforms.ActiveCfg = Debug|Any CPU
		{B022381A-54F6-4B3C-B13F-F95FBFBB54AE}.DebugWPF|Mixed Platforms.Build.0 = Debug|Any CPU
		{B022381A-54F6-4B3C-B13F-F95FBFBB54AE}.DebugWPF|x86.ActiveCfg = Debug|Any CPU
		{B022381A-54F6-4B3C-B13F-F95FBFBB54AE}.DEVMIN|Any CPU.ActiveCfg = DEVMIN|Any CPU
		{B022381A-54F6-4B3C-B13F-F95FBFBB54AE}.DEVMIN|Any CPU.Build.0 = DEVMIN|Any CPU
		{B022381A-54F6-4B3C-B13F-F95FBFBB54AE}.DEVMIN|Mixed Platforms.ActiveCfg = DEVMIN|Any CPU
		{B022381A-54F6-4B3C-B13F-F95FBFBB54AE}.DEVMIN|Mixed Platforms.Build.0 = DEVMIN|Any CPU
		{B022381A-54F6-4B3C-B13F-F95FBFBB54AE}.DEVMIN|x86.ActiveCfg = DEVMIN|Any CPU
		{B022381A-54F6-4B3C-B13F-F95FBFBB54AE}.Release|Any CPU.ActiveCfg = Release|Any CPU
		{B022381A-54F6-4B3C-B13F-F95FBFBB54AE}.Release|Any CPU.Build.0 = Release|Any CPU
		{B022381A-54F6-4B3C-B13F-F95FBFBB54AE}.Release|Mixed Platforms.ActiveCfg = Release|Any CPU
		{B022381A-54F6-4B3C-B13F-F95FBFBB54AE}.Release|Mixed Platforms.Build.0 = Release|Any CPU
		{B022381A-54F6-4B3C-B13F-F95FBFBB54AE}.Release|x86.ActiveCfg = Release|Any CPU
		{A1326555-AD64-4A93-A95C-B68ABD5672D4}.CodeAnalysisDebug|Any CPU.ActiveCfg = Debug|Any CPU
		{A1326555-AD64-4A93-A95C-B68ABD5672D4}.CodeAnalysisDebug|Any CPU.Build.0 = Debug|Any CPU
		{A1326555-AD64-4A93-A95C-B68ABD5672D4}.CodeAnalysisDebug|Mixed Platforms.ActiveCfg = Debug|Any CPU
		{A1326555-AD64-4A93-A95C-B68ABD5672D4}.CodeAnalysisDebug|Mixed Platforms.Build.0 = Debug|Any CPU
		{A1326555-AD64-4A93-A95C-B68ABD5672D4}.CodeAnalysisDebug|x86.ActiveCfg = Debug|Any CPU
		{A1326555-AD64-4A93-A95C-B68ABD5672D4}.Debug|Any CPU.ActiveCfg = Debug|Any CPU
		{A1326555-AD64-4A93-A95C-B68ABD5672D4}.Debug|Any CPU.Build.0 = Debug|Any CPU
		{A1326555-AD64-4A93-A95C-B68ABD5672D4}.Debug|Mixed Platforms.ActiveCfg = Debug|Any CPU
		{A1326555-AD64-4A93-A95C-B68ABD5672D4}.Debug|Mixed Platforms.Build.0 = Debug|Any CPU
		{A1326555-AD64-4A93-A95C-B68ABD5672D4}.Debug|x86.ActiveCfg = Debug|Any CPU
		{A1326555-AD64-4A93-A95C-B68ABD5672D4}.DebugWPF|Any CPU.ActiveCfg = DebugWPF|Any CPU
		{A1326555-AD64-4A93-A95C-B68ABD5672D4}.DebugWPF|Any CPU.Build.0 = DebugWPF|Any CPU
		{A1326555-AD64-4A93-A95C-B68ABD5672D4}.DebugWPF|Mixed Platforms.ActiveCfg = DebugWPF|Any CPU
		{A1326555-AD64-4A93-A95C-B68ABD5672D4}.DebugWPF|Mixed Platforms.Build.0 = DebugWPF|Any CPU
		{A1326555-AD64-4A93-A95C-B68ABD5672D4}.DebugWPF|x86.ActiveCfg = DebugWPF|Any CPU
		{A1326555-AD64-4A93-A95C-B68ABD5672D4}.DEVMIN|Any CPU.ActiveCfg = DebugWPF|Any CPU
		{A1326555-AD64-4A93-A95C-B68ABD5672D4}.DEVMIN|Any CPU.Build.0 = DebugWPF|Any CPU
		{A1326555-AD64-4A93-A95C-B68ABD5672D4}.DEVMIN|Mixed Platforms.ActiveCfg = DebugWPF|Any CPU
		{A1326555-AD64-4A93-A95C-B68ABD5672D4}.DEVMIN|Mixed Platforms.Build.0 = DebugWPF|Any CPU
		{A1326555-AD64-4A93-A95C-B68ABD5672D4}.DEVMIN|x86.ActiveCfg = DebugWPF|Any CPU
		{A1326555-AD64-4A93-A95C-B68ABD5672D4}.Release|Any CPU.ActiveCfg = Release|Any CPU
		{A1326555-AD64-4A93-A95C-B68ABD5672D4}.Release|Any CPU.Build.0 = Release|Any CPU
		{A1326555-AD64-4A93-A95C-B68ABD5672D4}.Release|Mixed Platforms.ActiveCfg = Release|Any CPU
		{A1326555-AD64-4A93-A95C-B68ABD5672D4}.Release|Mixed Platforms.Build.0 = Release|Any CPU
		{A1326555-AD64-4A93-A95C-B68ABD5672D4}.Release|x86.ActiveCfg = Release|Any CPU
		{C044C5A8-5694-4311-AB9B-FE1E122AEFE2}.CodeAnalysisDebug|Any CPU.ActiveCfg = Debug|Any CPU
		{C044C5A8-5694-4311-AB9B-FE1E122AEFE2}.CodeAnalysisDebug|Any CPU.Build.0 = Debug|Any CPU
		{C044C5A8-5694-4311-AB9B-FE1E122AEFE2}.CodeAnalysisDebug|Mixed Platforms.ActiveCfg = Debug|x86
		{C044C5A8-5694-4311-AB9B-FE1E122AEFE2}.CodeAnalysisDebug|Mixed Platforms.Build.0 = Debug|x86
		{C044C5A8-5694-4311-AB9B-FE1E122AEFE2}.CodeAnalysisDebug|x86.ActiveCfg = Debug|x86
		{C044C5A8-5694-4311-AB9B-FE1E122AEFE2}.CodeAnalysisDebug|x86.Build.0 = Debug|x86
		{C044C5A8-5694-4311-AB9B-FE1E122AEFE2}.Debug|Any CPU.ActiveCfg = Debug|Any CPU
		{C044C5A8-5694-4311-AB9B-FE1E122AEFE2}.Debug|Any CPU.Build.0 = Debug|Any CPU
		{C044C5A8-5694-4311-AB9B-FE1E122AEFE2}.Debug|Mixed Platforms.ActiveCfg = Debug|x86
		{C044C5A8-5694-4311-AB9B-FE1E122AEFE2}.Debug|Mixed Platforms.Build.0 = Debug|x86
		{C044C5A8-5694-4311-AB9B-FE1E122AEFE2}.Debug|x86.ActiveCfg = Debug|x86
		{C044C5A8-5694-4311-AB9B-FE1E122AEFE2}.Debug|x86.Build.0 = Debug|x86
		{C044C5A8-5694-4311-AB9B-FE1E122AEFE2}.DebugWPF|Any CPU.ActiveCfg = DebugWPF|Any CPU
		{C044C5A8-5694-4311-AB9B-FE1E122AEFE2}.DebugWPF|Any CPU.Build.0 = DebugWPF|Any CPU
		{C044C5A8-5694-4311-AB9B-FE1E122AEFE2}.DebugWPF|Mixed Platforms.ActiveCfg = DebugWPF|x86
		{C044C5A8-5694-4311-AB9B-FE1E122AEFE2}.DebugWPF|Mixed Platforms.Build.0 = DebugWPF|x86
		{C044C5A8-5694-4311-AB9B-FE1E122AEFE2}.DebugWPF|x86.ActiveCfg = DebugWPF|x86
		{C044C5A8-5694-4311-AB9B-FE1E122AEFE2}.DebugWPF|x86.Build.0 = DebugWPF|x86
		{C044C5A8-5694-4311-AB9B-FE1E122AEFE2}.DEVMIN|Any CPU.ActiveCfg = DebugWPF|Any CPU
		{C044C5A8-5694-4311-AB9B-FE1E122AEFE2}.DEVMIN|Any CPU.Build.0 = DebugWPF|Any CPU
		{C044C5A8-5694-4311-AB9B-FE1E122AEFE2}.DEVMIN|Mixed Platforms.ActiveCfg = DebugWPF|x86
		{C044C5A8-5694-4311-AB9B-FE1E122AEFE2}.DEVMIN|Mixed Platforms.Build.0 = DebugWPF|x86
		{C044C5A8-5694-4311-AB9B-FE1E122AEFE2}.DEVMIN|x86.ActiveCfg = DebugWPF|x86
		{C044C5A8-5694-4311-AB9B-FE1E122AEFE2}.DEVMIN|x86.Build.0 = DebugWPF|x86
		{C044C5A8-5694-4311-AB9B-FE1E122AEFE2}.Release|Any CPU.ActiveCfg = Release|Any CPU
		{C044C5A8-5694-4311-AB9B-FE1E122AEFE2}.Release|Any CPU.Build.0 = Release|Any CPU
		{C044C5A8-5694-4311-AB9B-FE1E122AEFE2}.Release|Mixed Platforms.ActiveCfg = Release|x86
		{C044C5A8-5694-4311-AB9B-FE1E122AEFE2}.Release|Mixed Platforms.Build.0 = Release|x86
		{C044C5A8-5694-4311-AB9B-FE1E122AEFE2}.Release|x86.ActiveCfg = Release|x86
		{C044C5A8-5694-4311-AB9B-FE1E122AEFE2}.Release|x86.Build.0 = Release|x86
		{0F71F91F-358F-4320-8618-C4EFB140EDC7}.CodeAnalysisDebug|Any CPU.ActiveCfg = Debug|Any CPU
		{0F71F91F-358F-4320-8618-C4EFB140EDC7}.CodeAnalysisDebug|Any CPU.Build.0 = Debug|Any CPU
		{0F71F91F-358F-4320-8618-C4EFB140EDC7}.CodeAnalysisDebug|Mixed Platforms.ActiveCfg = Debug|Any CPU
		{0F71F91F-358F-4320-8618-C4EFB140EDC7}.CodeAnalysisDebug|Mixed Platforms.Build.0 = Debug|Any CPU
		{0F71F91F-358F-4320-8618-C4EFB140EDC7}.CodeAnalysisDebug|x86.ActiveCfg = Debug|Any CPU
		{0F71F91F-358F-4320-8618-C4EFB140EDC7}.Debug|Any CPU.ActiveCfg = Debug|Any CPU
		{0F71F91F-358F-4320-8618-C4EFB140EDC7}.Debug|Any CPU.Build.0 = Debug|Any CPU
		{0F71F91F-358F-4320-8618-C4EFB140EDC7}.Debug|Mixed Platforms.ActiveCfg = Debug|Any CPU
		{0F71F91F-358F-4320-8618-C4EFB140EDC7}.Debug|Mixed Platforms.Build.0 = Debug|Any CPU
		{0F71F91F-358F-4320-8618-C4EFB140EDC7}.Debug|x86.ActiveCfg = Debug|Any CPU
		{0F71F91F-358F-4320-8618-C4EFB140EDC7}.DebugWPF|Any CPU.ActiveCfg = DebugWPF|Any CPU
		{0F71F91F-358F-4320-8618-C4EFB140EDC7}.DebugWPF|Any CPU.Build.0 = DebugWPF|Any CPU
		{0F71F91F-358F-4320-8618-C4EFB140EDC7}.DebugWPF|Mixed Platforms.ActiveCfg = DebugWPF|Any CPU
		{0F71F91F-358F-4320-8618-C4EFB140EDC7}.DebugWPF|Mixed Platforms.Build.0 = DebugWPF|Any CPU
		{0F71F91F-358F-4320-8618-C4EFB140EDC7}.DebugWPF|x86.ActiveCfg = DebugWPF|Any CPU
		{0F71F91F-358F-4320-8618-C4EFB140EDC7}.DEVMIN|Any CPU.ActiveCfg = DebugWPF|Any CPU
		{0F71F91F-358F-4320-8618-C4EFB140EDC7}.DEVMIN|Any CPU.Build.0 = DebugWPF|Any CPU
		{0F71F91F-358F-4320-8618-C4EFB140EDC7}.DEVMIN|Mixed Platforms.ActiveCfg = DebugWPF|Any CPU
		{0F71F91F-358F-4320-8618-C4EFB140EDC7}.DEVMIN|Mixed Platforms.Build.0 = DebugWPF|Any CPU
		{0F71F91F-358F-4320-8618-C4EFB140EDC7}.DEVMIN|x86.ActiveCfg = DebugWPF|Any CPU
		{0F71F91F-358F-4320-8618-C4EFB140EDC7}.Release|Any CPU.ActiveCfg = Release|Any CPU
		{0F71F91F-358F-4320-8618-C4EFB140EDC7}.Release|Any CPU.Build.0 = Release|Any CPU
		{0F71F91F-358F-4320-8618-C4EFB140EDC7}.Release|Mixed Platforms.ActiveCfg = Release|Any CPU
		{0F71F91F-358F-4320-8618-C4EFB140EDC7}.Release|Mixed Platforms.Build.0 = Release|Any CPU
		{0F71F91F-358F-4320-8618-C4EFB140EDC7}.Release|x86.ActiveCfg = Release|Any CPU
		{D52AF832-82BC-4B1A-BC9C-16D2C204F169}.CodeAnalysisDebug|Any CPU.ActiveCfg = Debug|Any CPU
		{D52AF832-82BC-4B1A-BC9C-16D2C204F169}.CodeAnalysisDebug|Any CPU.Build.0 = Debug|Any CPU
		{D52AF832-82BC-4B1A-BC9C-16D2C204F169}.CodeAnalysisDebug|Mixed Platforms.ActiveCfg = Debug|Any CPU
		{D52AF832-82BC-4B1A-BC9C-16D2C204F169}.CodeAnalysisDebug|Mixed Platforms.Build.0 = Debug|Any CPU
		{D52AF832-82BC-4B1A-BC9C-16D2C204F169}.CodeAnalysisDebug|x86.ActiveCfg = Debug|Any CPU
		{D52AF832-82BC-4B1A-BC9C-16D2C204F169}.Debug|Any CPU.ActiveCfg = Debug|Any CPU
		{D52AF832-82BC-4B1A-BC9C-16D2C204F169}.Debug|Any CPU.Build.0 = Debug|Any CPU
		{D52AF832-82BC-4B1A-BC9C-16D2C204F169}.Debug|Mixed Platforms.ActiveCfg = Debug|Any CPU
		{D52AF832-82BC-4B1A-BC9C-16D2C204F169}.Debug|Mixed Platforms.Build.0 = Debug|Any CPU
		{D52AF832-82BC-4B1A-BC9C-16D2C204F169}.Debug|x86.ActiveCfg = Debug|Any CPU
		{D52AF832-82BC-4B1A-BC9C-16D2C204F169}.DebugWPF|Any CPU.ActiveCfg = Debug|Any CPU
		{D52AF832-82BC-4B1A-BC9C-16D2C204F169}.DebugWPF|Any CPU.Build.0 = Debug|Any CPU
		{D52AF832-82BC-4B1A-BC9C-16D2C204F169}.DebugWPF|Mixed Platforms.ActiveCfg = Debug|Any CPU
		{D52AF832-82BC-4B1A-BC9C-16D2C204F169}.DebugWPF|Mixed Platforms.Build.0 = Debug|Any CPU
		{D52AF832-82BC-4B1A-BC9C-16D2C204F169}.DebugWPF|x86.ActiveCfg = Debug|Any CPU
		{D52AF832-82BC-4B1A-BC9C-16D2C204F169}.DEVMIN|Any CPU.ActiveCfg = Debug|Any CPU
		{D52AF832-82BC-4B1A-BC9C-16D2C204F169}.DEVMIN|Any CPU.Build.0 = Debug|Any CPU
		{D52AF832-82BC-4B1A-BC9C-16D2C204F169}.DEVMIN|Mixed Platforms.ActiveCfg = Debug|Any CPU
		{D52AF832-82BC-4B1A-BC9C-16D2C204F169}.DEVMIN|Mixed Platforms.Build.0 = Debug|Any CPU
		{D52AF832-82BC-4B1A-BC9C-16D2C204F169}.DEVMIN|x86.ActiveCfg = Debug|Any CPU
		{D52AF832-82BC-4B1A-BC9C-16D2C204F169}.Release|Any CPU.ActiveCfg = Release|Any CPU
		{D52AF832-82BC-4B1A-BC9C-16D2C204F169}.Release|Any CPU.Build.0 = Release|Any CPU
		{D52AF832-82BC-4B1A-BC9C-16D2C204F169}.Release|Mixed Platforms.ActiveCfg = Release|Any CPU
		{D52AF832-82BC-4B1A-BC9C-16D2C204F169}.Release|Mixed Platforms.Build.0 = Release|Any CPU
		{D52AF832-82BC-4B1A-BC9C-16D2C204F169}.Release|x86.ActiveCfg = Release|Any CPU
		{C3309487-776A-479E-8CDC-BE291631B12B}.CodeAnalysisDebug|Any CPU.ActiveCfg = Debug|Any CPU
		{C3309487-776A-479E-8CDC-BE291631B12B}.CodeAnalysisDebug|Any CPU.Build.0 = Debug|Any CPU
		{C3309487-776A-479E-8CDC-BE291631B12B}.CodeAnalysisDebug|Mixed Platforms.ActiveCfg = Debug|Any CPU
		{C3309487-776A-479E-8CDC-BE291631B12B}.CodeAnalysisDebug|Mixed Platforms.Build.0 = Debug|Any CPU
		{C3309487-776A-479E-8CDC-BE291631B12B}.CodeAnalysisDebug|x86.ActiveCfg = Debug|Any CPU
		{C3309487-776A-479E-8CDC-BE291631B12B}.Debug|Any CPU.ActiveCfg = Debug|Any CPU
		{C3309487-776A-479E-8CDC-BE291631B12B}.Debug|Any CPU.Build.0 = Debug|Any CPU
		{C3309487-776A-479E-8CDC-BE291631B12B}.Debug|Mixed Platforms.ActiveCfg = Debug|Any CPU
		{C3309487-776A-479E-8CDC-BE291631B12B}.Debug|Mixed Platforms.Build.0 = Debug|Any CPU
		{C3309487-776A-479E-8CDC-BE291631B12B}.Debug|x86.ActiveCfg = Debug|Any CPU
		{C3309487-776A-479E-8CDC-BE291631B12B}.DebugWPF|Any CPU.ActiveCfg = DebugWPF|Any CPU
		{C3309487-776A-479E-8CDC-BE291631B12B}.DebugWPF|Any CPU.Build.0 = DebugWPF|Any CPU
		{C3309487-776A-479E-8CDC-BE291631B12B}.DebugWPF|Mixed Platforms.ActiveCfg = DebugWPF|Any CPU
		{C3309487-776A-479E-8CDC-BE291631B12B}.DebugWPF|Mixed Platforms.Build.0 = DebugWPF|Any CPU
		{C3309487-776A-479E-8CDC-BE291631B12B}.DebugWPF|x86.ActiveCfg = DebugWPF|Any CPU
		{C3309487-776A-479E-8CDC-BE291631B12B}.DEVMIN|Any CPU.ActiveCfg = DebugWPF|Any CPU
		{C3309487-776A-479E-8CDC-BE291631B12B}.DEVMIN|Any CPU.Build.0 = DebugWPF|Any CPU
		{C3309487-776A-479E-8CDC-BE291631B12B}.DEVMIN|Mixed Platforms.ActiveCfg = DebugWPF|Any CPU
		{C3309487-776A-479E-8CDC-BE291631B12B}.DEVMIN|Mixed Platforms.Build.0 = DebugWPF|Any CPU
		{C3309487-776A-479E-8CDC-BE291631B12B}.DEVMIN|x86.ActiveCfg = DebugWPF|Any CPU
		{C3309487-776A-479E-8CDC-BE291631B12B}.Release|Any CPU.ActiveCfg = Release|Any CPU
		{C3309487-776A-479E-8CDC-BE291631B12B}.Release|Any CPU.Build.0 = Release|Any CPU
		{C3309487-776A-479E-8CDC-BE291631B12B}.Release|Mixed Platforms.ActiveCfg = Release|Any CPU
		{C3309487-776A-479E-8CDC-BE291631B12B}.Release|Mixed Platforms.Build.0 = Release|Any CPU
		{C3309487-776A-479E-8CDC-BE291631B12B}.Release|x86.ActiveCfg = Release|Any CPU
		{4F658495-3989-461D-B2BE-A989ABAF1A47}.CodeAnalysisDebug|Any CPU.ActiveCfg = Debug|Any CPU
		{4F658495-3989-461D-B2BE-A989ABAF1A47}.CodeAnalysisDebug|Any CPU.Build.0 = Debug|Any CPU
		{4F658495-3989-461D-B2BE-A989ABAF1A47}.CodeAnalysisDebug|Mixed Platforms.ActiveCfg = Debug|Any CPU
		{4F658495-3989-461D-B2BE-A989ABAF1A47}.CodeAnalysisDebug|Mixed Platforms.Build.0 = Debug|Any CPU
		{4F658495-3989-461D-B2BE-A989ABAF1A47}.CodeAnalysisDebug|x86.ActiveCfg = Debug|Any CPU
		{4F658495-3989-461D-B2BE-A989ABAF1A47}.Debug|Any CPU.ActiveCfg = Debug|Any CPU
		{4F658495-3989-461D-B2BE-A989ABAF1A47}.Debug|Any CPU.Build.0 = Debug|Any CPU
		{4F658495-3989-461D-B2BE-A989ABAF1A47}.Debug|Mixed Platforms.ActiveCfg = Debug|Any CPU
		{4F658495-3989-461D-B2BE-A989ABAF1A47}.Debug|Mixed Platforms.Build.0 = Debug|Any CPU
		{4F658495-3989-461D-B2BE-A989ABAF1A47}.Debug|x86.ActiveCfg = Debug|Any CPU
		{4F658495-3989-461D-B2BE-A989ABAF1A47}.DebugWPF|Any CPU.ActiveCfg = DebugWPF|Any CPU
		{4F658495-3989-461D-B2BE-A989ABAF1A47}.DebugWPF|Any CPU.Build.0 = DebugWPF|Any CPU
		{4F658495-3989-461D-B2BE-A989ABAF1A47}.DebugWPF|Mixed Platforms.ActiveCfg = DebugWPF|Any CPU
		{4F658495-3989-461D-B2BE-A989ABAF1A47}.DebugWPF|Mixed Platforms.Build.0 = DebugWPF|Any CPU
		{4F658495-3989-461D-B2BE-A989ABAF1A47}.DebugWPF|x86.ActiveCfg = DebugWPF|Any CPU
		{4F658495-3989-461D-B2BE-A989ABAF1A47}.DEVMIN|Any CPU.ActiveCfg = DebugWPF|Any CPU
		{4F658495-3989-461D-B2BE-A989ABAF1A47}.DEVMIN|Any CPU.Build.0 = DebugWPF|Any CPU
		{4F658495-3989-461D-B2BE-A989ABAF1A47}.DEVMIN|Mixed Platforms.ActiveCfg = DebugWPF|Any CPU
		{4F658495-3989-461D-B2BE-A989ABAF1A47}.DEVMIN|Mixed Platforms.Build.0 = DebugWPF|Any CPU
		{4F658495-3989-461D-B2BE-A989ABAF1A47}.DEVMIN|x86.ActiveCfg = DebugWPF|Any CPU
		{4F658495-3989-461D-B2BE-A989ABAF1A47}.Release|Any CPU.ActiveCfg = Release|Any CPU
		{4F658495-3989-461D-B2BE-A989ABAF1A47}.Release|Any CPU.Build.0 = Release|Any CPU
		{4F658495-3989-461D-B2BE-A989ABAF1A47}.Release|Mixed Platforms.ActiveCfg = Release|Any CPU
		{4F658495-3989-461D-B2BE-A989ABAF1A47}.Release|Mixed Platforms.Build.0 = Release|Any CPU
		{4F658495-3989-461D-B2BE-A989ABAF1A47}.Release|x86.ActiveCfg = Release|Any CPU
		{3581983A-7231-4F33-A3F8-73BCF040BFD4}.CodeAnalysisDebug|Any CPU.ActiveCfg = Debug|Any CPU
		{3581983A-7231-4F33-A3F8-73BCF040BFD4}.CodeAnalysisDebug|Any CPU.Build.0 = Debug|Any CPU
		{3581983A-7231-4F33-A3F8-73BCF040BFD4}.CodeAnalysisDebug|Mixed Platforms.ActiveCfg = Debug|Any CPU
		{3581983A-7231-4F33-A3F8-73BCF040BFD4}.CodeAnalysisDebug|Mixed Platforms.Build.0 = Debug|Any CPU
		{3581983A-7231-4F33-A3F8-73BCF040BFD4}.CodeAnalysisDebug|x86.ActiveCfg = Debug|Any CPU
		{3581983A-7231-4F33-A3F8-73BCF040BFD4}.Debug|Any CPU.ActiveCfg = Debug|Any CPU
		{3581983A-7231-4F33-A3F8-73BCF040BFD4}.Debug|Any CPU.Build.0 = Debug|Any CPU
		{3581983A-7231-4F33-A3F8-73BCF040BFD4}.Debug|Mixed Platforms.ActiveCfg = Debug|Any CPU
		{3581983A-7231-4F33-A3F8-73BCF040BFD4}.Debug|Mixed Platforms.Build.0 = Debug|Any CPU
		{3581983A-7231-4F33-A3F8-73BCF040BFD4}.Debug|x86.ActiveCfg = Debug|Any CPU
		{3581983A-7231-4F33-A3F8-73BCF040BFD4}.DebugWPF|Any CPU.ActiveCfg = DebugWPF|Any CPU
		{3581983A-7231-4F33-A3F8-73BCF040BFD4}.DebugWPF|Any CPU.Build.0 = DebugWPF|Any CPU
		{3581983A-7231-4F33-A3F8-73BCF040BFD4}.DebugWPF|Mixed Platforms.ActiveCfg = DebugWPF|Any CPU
		{3581983A-7231-4F33-A3F8-73BCF040BFD4}.DebugWPF|Mixed Platforms.Build.0 = DebugWPF|Any CPU
		{3581983A-7231-4F33-A3F8-73BCF040BFD4}.DebugWPF|x86.ActiveCfg = DebugWPF|Any CPU
		{3581983A-7231-4F33-A3F8-73BCF040BFD4}.DEVMIN|Any CPU.ActiveCfg = DebugWPF|Any CPU
		{3581983A-7231-4F33-A3F8-73BCF040BFD4}.DEVMIN|Any CPU.Build.0 = DebugWPF|Any CPU
		{3581983A-7231-4F33-A3F8-73BCF040BFD4}.DEVMIN|Mixed Platforms.ActiveCfg = DebugWPF|Any CPU
		{3581983A-7231-4F33-A3F8-73BCF040BFD4}.DEVMIN|Mixed Platforms.Build.0 = DebugWPF|Any CPU
		{3581983A-7231-4F33-A3F8-73BCF040BFD4}.DEVMIN|x86.ActiveCfg = DebugWPF|Any CPU
		{3581983A-7231-4F33-A3F8-73BCF040BFD4}.Release|Any CPU.ActiveCfg = Release|Any CPU
		{3581983A-7231-4F33-A3F8-73BCF040BFD4}.Release|Any CPU.Build.0 = Release|Any CPU
		{3581983A-7231-4F33-A3F8-73BCF040BFD4}.Release|Mixed Platforms.ActiveCfg = Release|Any CPU
		{3581983A-7231-4F33-A3F8-73BCF040BFD4}.Release|Mixed Platforms.Build.0 = Release|Any CPU
		{3581983A-7231-4F33-A3F8-73BCF040BFD4}.Release|x86.ActiveCfg = Release|Any CPU
		{2DAF1685-10C7-46B9-9C99-B38CC6143C89}.CodeAnalysisDebug|Any CPU.ActiveCfg = Debug|Any CPU
		{2DAF1685-10C7-46B9-9C99-B38CC6143C89}.CodeAnalysisDebug|Any CPU.Build.0 = Debug|Any CPU
		{2DAF1685-10C7-46B9-9C99-B38CC6143C89}.CodeAnalysisDebug|Mixed Platforms.ActiveCfg = Debug|Any CPU
		{2DAF1685-10C7-46B9-9C99-B38CC6143C89}.CodeAnalysisDebug|Mixed Platforms.Build.0 = Debug|Any CPU
		{2DAF1685-10C7-46B9-9C99-B38CC6143C89}.CodeAnalysisDebug|x86.ActiveCfg = Debug|Any CPU
		{2DAF1685-10C7-46B9-9C99-B38CC6143C89}.Debug|Any CPU.ActiveCfg = Debug|Any CPU
		{2DAF1685-10C7-46B9-9C99-B38CC6143C89}.Debug|Any CPU.Build.0 = Debug|Any CPU
		{2DAF1685-10C7-46B9-9C99-B38CC6143C89}.Debug|Mixed Platforms.ActiveCfg = Debug|Any CPU
		{2DAF1685-10C7-46B9-9C99-B38CC6143C89}.Debug|Mixed Platforms.Build.0 = Debug|Any CPU
		{2DAF1685-10C7-46B9-9C99-B38CC6143C89}.Debug|x86.ActiveCfg = Debug|Any CPU
		{2DAF1685-10C7-46B9-9C99-B38CC6143C89}.DebugWPF|Any CPU.ActiveCfg = DebugWPF|Any CPU
		{2DAF1685-10C7-46B9-9C99-B38CC6143C89}.DebugWPF|Any CPU.Build.0 = DebugWPF|Any CPU
		{2DAF1685-10C7-46B9-9C99-B38CC6143C89}.DebugWPF|Mixed Platforms.ActiveCfg = DebugWPF|Any CPU
		{2DAF1685-10C7-46B9-9C99-B38CC6143C89}.DebugWPF|Mixed Platforms.Build.0 = DebugWPF|Any CPU
		{2DAF1685-10C7-46B9-9C99-B38CC6143C89}.DebugWPF|x86.ActiveCfg = DebugWPF|Any CPU
		{2DAF1685-10C7-46B9-9C99-B38CC6143C89}.DEVMIN|Any CPU.ActiveCfg = DebugWPF|Any CPU
		{2DAF1685-10C7-46B9-9C99-B38CC6143C89}.DEVMIN|Any CPU.Build.0 = DebugWPF|Any CPU
		{2DAF1685-10C7-46B9-9C99-B38CC6143C89}.DEVMIN|Mixed Platforms.ActiveCfg = DebugWPF|Any CPU
		{2DAF1685-10C7-46B9-9C99-B38CC6143C89}.DEVMIN|Mixed Platforms.Build.0 = DebugWPF|Any CPU
		{2DAF1685-10C7-46B9-9C99-B38CC6143C89}.DEVMIN|x86.ActiveCfg = DebugWPF|Any CPU
		{2DAF1685-10C7-46B9-9C99-B38CC6143C89}.Release|Any CPU.ActiveCfg = Release|Any CPU
		{2DAF1685-10C7-46B9-9C99-B38CC6143C89}.Release|Any CPU.Build.0 = Release|Any CPU
		{2DAF1685-10C7-46B9-9C99-B38CC6143C89}.Release|Mixed Platforms.ActiveCfg = Release|Any CPU
		{2DAF1685-10C7-46B9-9C99-B38CC6143C89}.Release|Mixed Platforms.Build.0 = Release|Any CPU
		{2DAF1685-10C7-46B9-9C99-B38CC6143C89}.Release|x86.ActiveCfg = Release|Any CPU
		{4E43C62A-4F88-45B6-A420-ECE29917822C}.CodeAnalysisDebug|Any CPU.ActiveCfg = Debug|Any CPU
		{4E43C62A-4F88-45B6-A420-ECE29917822C}.CodeAnalysisDebug|Any CPU.Build.0 = Debug|Any CPU
		{4E43C62A-4F88-45B6-A420-ECE29917822C}.CodeAnalysisDebug|Mixed Platforms.ActiveCfg = Debug|Any CPU
		{4E43C62A-4F88-45B6-A420-ECE29917822C}.CodeAnalysisDebug|Mixed Platforms.Build.0 = Debug|Any CPU
		{4E43C62A-4F88-45B6-A420-ECE29917822C}.CodeAnalysisDebug|x86.ActiveCfg = Debug|Any CPU
		{4E43C62A-4F88-45B6-A420-ECE29917822C}.Debug|Any CPU.ActiveCfg = Debug|Any CPU
		{4E43C62A-4F88-45B6-A420-ECE29917822C}.Debug|Any CPU.Build.0 = Debug|Any CPU
		{4E43C62A-4F88-45B6-A420-ECE29917822C}.Debug|Mixed Platforms.ActiveCfg = Debug|Any CPU
		{4E43C62A-4F88-45B6-A420-ECE29917822C}.Debug|Mixed Platforms.Build.0 = Debug|Any CPU
		{4E43C62A-4F88-45B6-A420-ECE29917822C}.Debug|x86.ActiveCfg = Debug|Any CPU
		{4E43C62A-4F88-45B6-A420-ECE29917822C}.DebugWPF|Any CPU.ActiveCfg = Debug|Any CPU
		{4E43C62A-4F88-45B6-A420-ECE29917822C}.DebugWPF|Any CPU.Build.0 = Debug|Any CPU
		{4E43C62A-4F88-45B6-A420-ECE29917822C}.DebugWPF|Mixed Platforms.ActiveCfg = Debug|Any CPU
		{4E43C62A-4F88-45B6-A420-ECE29917822C}.DebugWPF|Mixed Platforms.Build.0 = Debug|Any CPU
		{4E43C62A-4F88-45B6-A420-ECE29917822C}.DebugWPF|x86.ActiveCfg = Debug|Any CPU
		{4E43C62A-4F88-45B6-A420-ECE29917822C}.DEVMIN|Any CPU.ActiveCfg = Debug|Any CPU
		{4E43C62A-4F88-45B6-A420-ECE29917822C}.DEVMIN|Any CPU.Build.0 = Debug|Any CPU
		{4E43C62A-4F88-45B6-A420-ECE29917822C}.DEVMIN|Mixed Platforms.ActiveCfg = Debug|Any CPU
		{4E43C62A-4F88-45B6-A420-ECE29917822C}.DEVMIN|Mixed Platforms.Build.0 = Debug|Any CPU
		{4E43C62A-4F88-45B6-A420-ECE29917822C}.DEVMIN|x86.ActiveCfg = Debug|Any CPU
		{4E43C62A-4F88-45B6-A420-ECE29917822C}.Release|Any CPU.ActiveCfg = Release|Any CPU
		{4E43C62A-4F88-45B6-A420-ECE29917822C}.Release|Any CPU.Build.0 = Release|Any CPU
		{4E43C62A-4F88-45B6-A420-ECE29917822C}.Release|Mixed Platforms.ActiveCfg = Release|Any CPU
		{4E43C62A-4F88-45B6-A420-ECE29917822C}.Release|Mixed Platforms.Build.0 = Release|Any CPU
		{4E43C62A-4F88-45B6-A420-ECE29917822C}.Release|x86.ActiveCfg = Release|Any CPU
		{6E840110-C9E8-4C86-A061-4ED8F3438F12}.CodeAnalysisDebug|Any CPU.ActiveCfg = Debug|Any CPU
		{6E840110-C9E8-4C86-A061-4ED8F3438F12}.CodeAnalysisDebug|Any CPU.Build.0 = Debug|Any CPU
		{6E840110-C9E8-4C86-A061-4ED8F3438F12}.CodeAnalysisDebug|Mixed Platforms.ActiveCfg = Debug|Any CPU
		{6E840110-C9E8-4C86-A061-4ED8F3438F12}.CodeAnalysisDebug|Mixed Platforms.Build.0 = Debug|Any CPU
		{6E840110-C9E8-4C86-A061-4ED8F3438F12}.CodeAnalysisDebug|x86.ActiveCfg = Debug|Any CPU
		{6E840110-C9E8-4C86-A061-4ED8F3438F12}.Debug|Any CPU.ActiveCfg = Debug|Any CPU
		{6E840110-C9E8-4C86-A061-4ED8F3438F12}.Debug|Any CPU.Build.0 = Debug|Any CPU
		{6E840110-C9E8-4C86-A061-4ED8F3438F12}.Debug|Mixed Platforms.ActiveCfg = Debug|Any CPU
		{6E840110-C9E8-4C86-A061-4ED8F3438F12}.Debug|Mixed Platforms.Build.0 = Debug|Any CPU
		{6E840110-C9E8-4C86-A061-4ED8F3438F12}.Debug|x86.ActiveCfg = Debug|Any CPU
		{6E840110-C9E8-4C86-A061-4ED8F3438F12}.DebugWPF|Any CPU.ActiveCfg = DebugWPF|Any CPU
		{6E840110-C9E8-4C86-A061-4ED8F3438F12}.DebugWPF|Any CPU.Build.0 = DebugWPF|Any CPU
		{6E840110-C9E8-4C86-A061-4ED8F3438F12}.DebugWPF|Mixed Platforms.ActiveCfg = DebugWPF|Any CPU
		{6E840110-C9E8-4C86-A061-4ED8F3438F12}.DebugWPF|Mixed Platforms.Build.0 = DebugWPF|Any CPU
		{6E840110-C9E8-4C86-A061-4ED8F3438F12}.DebugWPF|x86.ActiveCfg = DebugWPF|Any CPU
		{6E840110-C9E8-4C86-A061-4ED8F3438F12}.DEVMIN|Any CPU.ActiveCfg = DebugWPF|Any CPU
		{6E840110-C9E8-4C86-A061-4ED8F3438F12}.DEVMIN|Any CPU.Build.0 = DebugWPF|Any CPU
		{6E840110-C9E8-4C86-A061-4ED8F3438F12}.DEVMIN|Mixed Platforms.ActiveCfg = DebugWPF|Any CPU
		{6E840110-C9E8-4C86-A061-4ED8F3438F12}.DEVMIN|Mixed Platforms.Build.0 = DebugWPF|Any CPU
		{6E840110-C9E8-4C86-A061-4ED8F3438F12}.DEVMIN|x86.ActiveCfg = DebugWPF|Any CPU
		{6E840110-C9E8-4C86-A061-4ED8F3438F12}.Release|Any CPU.ActiveCfg = Release|Any CPU
		{6E840110-C9E8-4C86-A061-4ED8F3438F12}.Release|Any CPU.Build.0 = Release|Any CPU
		{6E840110-C9E8-4C86-A061-4ED8F3438F12}.Release|Mixed Platforms.ActiveCfg = Release|Any CPU
		{6E840110-C9E8-4C86-A061-4ED8F3438F12}.Release|Mixed Platforms.Build.0 = Release|Any CPU
		{6E840110-C9E8-4C86-A061-4ED8F3438F12}.Release|x86.ActiveCfg = Release|Any CPU
		{A0D73DD4-543F-41C7-8ADE-ED57D8B5EB90}.CodeAnalysisDebug|Any CPU.ActiveCfg = Debug|Any CPU
		{A0D73DD4-543F-41C7-8ADE-ED57D8B5EB90}.CodeAnalysisDebug|Any CPU.Build.0 = Debug|Any CPU
		{A0D73DD4-543F-41C7-8ADE-ED57D8B5EB90}.CodeAnalysisDebug|Mixed Platforms.ActiveCfg = Debug|x86
		{A0D73DD4-543F-41C7-8ADE-ED57D8B5EB90}.CodeAnalysisDebug|Mixed Platforms.Build.0 = Debug|x86
		{A0D73DD4-543F-41C7-8ADE-ED57D8B5EB90}.CodeAnalysisDebug|x86.ActiveCfg = Debug|x86
		{A0D73DD4-543F-41C7-8ADE-ED57D8B5EB90}.CodeAnalysisDebug|x86.Build.0 = Debug|x86
		{A0D73DD4-543F-41C7-8ADE-ED57D8B5EB90}.Debug|Any CPU.ActiveCfg = Debug|Any CPU
		{A0D73DD4-543F-41C7-8ADE-ED57D8B5EB90}.Debug|Any CPU.Build.0 = Debug|Any CPU
		{A0D73DD4-543F-41C7-8ADE-ED57D8B5EB90}.Debug|Mixed Platforms.ActiveCfg = Debug|Any CPU
		{A0D73DD4-543F-41C7-8ADE-ED57D8B5EB90}.Debug|Mixed Platforms.Build.0 = Debug|Any CPU
		{A0D73DD4-543F-41C7-8ADE-ED57D8B5EB90}.Debug|x86.ActiveCfg = Debug|x86
		{A0D73DD4-543F-41C7-8ADE-ED57D8B5EB90}.Debug|x86.Build.0 = Debug|x86
		{A0D73DD4-543F-41C7-8ADE-ED57D8B5EB90}.DebugWPF|Any CPU.ActiveCfg = DebugWPF|Any CPU
		{A0D73DD4-543F-41C7-8ADE-ED57D8B5EB90}.DebugWPF|Any CPU.Build.0 = DebugWPF|Any CPU
		{A0D73DD4-543F-41C7-8ADE-ED57D8B5EB90}.DebugWPF|Mixed Platforms.ActiveCfg = DebugWPF|x86
		{A0D73DD4-543F-41C7-8ADE-ED57D8B5EB90}.DebugWPF|Mixed Platforms.Build.0 = DebugWPF|x86
		{A0D73DD4-543F-41C7-8ADE-ED57D8B5EB90}.DebugWPF|x86.ActiveCfg = DebugWPF|x86
		{A0D73DD4-543F-41C7-8ADE-ED57D8B5EB90}.DebugWPF|x86.Build.0 = DebugWPF|x86
		{A0D73DD4-543F-41C7-8ADE-ED57D8B5EB90}.DEVMIN|Any CPU.ActiveCfg = DebugWPF|Any CPU
		{A0D73DD4-543F-41C7-8ADE-ED57D8B5EB90}.DEVMIN|Any CPU.Build.0 = DebugWPF|Any CPU
		{A0D73DD4-543F-41C7-8ADE-ED57D8B5EB90}.DEVMIN|Mixed Platforms.ActiveCfg = DebugWPF|x86
		{A0D73DD4-543F-41C7-8ADE-ED57D8B5EB90}.DEVMIN|Mixed Platforms.Build.0 = DebugWPF|x86
		{A0D73DD4-543F-41C7-8ADE-ED57D8B5EB90}.DEVMIN|x86.ActiveCfg = DebugWPF|x86
		{A0D73DD4-543F-41C7-8ADE-ED57D8B5EB90}.DEVMIN|x86.Build.0 = DebugWPF|x86
		{A0D73DD4-543F-41C7-8ADE-ED57D8B5EB90}.Release|Any CPU.ActiveCfg = Release|Any CPU
		{A0D73DD4-543F-41C7-8ADE-ED57D8B5EB90}.Release|Any CPU.Build.0 = Release|Any CPU
		{A0D73DD4-543F-41C7-8ADE-ED57D8B5EB90}.Release|Mixed Platforms.ActiveCfg = Release|x86
		{A0D73DD4-543F-41C7-8ADE-ED57D8B5EB90}.Release|Mixed Platforms.Build.0 = Release|x86
		{A0D73DD4-543F-41C7-8ADE-ED57D8B5EB90}.Release|x86.ActiveCfg = Release|x86
		{A0D73DD4-543F-41C7-8ADE-ED57D8B5EB90}.Release|x86.Build.0 = Release|x86
		{5EE0FBFF-3A4B-4892-B5FB-09E30FFC312B}.CodeAnalysisDebug|Any CPU.ActiveCfg = Debug|Any CPU
		{5EE0FBFF-3A4B-4892-B5FB-09E30FFC312B}.CodeAnalysisDebug|Any CPU.Build.0 = Debug|Any CPU
		{5EE0FBFF-3A4B-4892-B5FB-09E30FFC312B}.CodeAnalysisDebug|Mixed Platforms.ActiveCfg = Debug|x86
		{5EE0FBFF-3A4B-4892-B5FB-09E30FFC312B}.CodeAnalysisDebug|Mixed Platforms.Build.0 = Debug|x86
		{5EE0FBFF-3A4B-4892-B5FB-09E30FFC312B}.CodeAnalysisDebug|x86.ActiveCfg = Debug|x86
		{5EE0FBFF-3A4B-4892-B5FB-09E30FFC312B}.CodeAnalysisDebug|x86.Build.0 = Debug|x86
		{5EE0FBFF-3A4B-4892-B5FB-09E30FFC312B}.Debug|Any CPU.ActiveCfg = Debug|Any CPU
		{5EE0FBFF-3A4B-4892-B5FB-09E30FFC312B}.Debug|Any CPU.Build.0 = Debug|Any CPU
		{5EE0FBFF-3A4B-4892-B5FB-09E30FFC312B}.Debug|Mixed Platforms.ActiveCfg = Debug|Any CPU
		{5EE0FBFF-3A4B-4892-B5FB-09E30FFC312B}.Debug|Mixed Platforms.Build.0 = Debug|Any CPU
		{5EE0FBFF-3A4B-4892-B5FB-09E30FFC312B}.Debug|x86.ActiveCfg = Debug|x86
		{5EE0FBFF-3A4B-4892-B5FB-09E30FFC312B}.Debug|x86.Build.0 = Debug|x86
		{5EE0FBFF-3A4B-4892-B5FB-09E30FFC312B}.DebugWPF|Any CPU.ActiveCfg = DebugWPF|Any CPU
		{5EE0FBFF-3A4B-4892-B5FB-09E30FFC312B}.DebugWPF|Any CPU.Build.0 = DebugWPF|Any CPU
		{5EE0FBFF-3A4B-4892-B5FB-09E30FFC312B}.DebugWPF|Mixed Platforms.ActiveCfg = DebugWPF|x86
		{5EE0FBFF-3A4B-4892-B5FB-09E30FFC312B}.DebugWPF|Mixed Platforms.Build.0 = DebugWPF|x86
		{5EE0FBFF-3A4B-4892-B5FB-09E30FFC312B}.DebugWPF|x86.ActiveCfg = DebugWPF|x86
		{5EE0FBFF-3A4B-4892-B5FB-09E30FFC312B}.DebugWPF|x86.Build.0 = DebugWPF|x86
		{5EE0FBFF-3A4B-4892-B5FB-09E30FFC312B}.DEVMIN|Any CPU.ActiveCfg = DebugWPF|Any CPU
		{5EE0FBFF-3A4B-4892-B5FB-09E30FFC312B}.DEVMIN|Any CPU.Build.0 = DebugWPF|Any CPU
		{5EE0FBFF-3A4B-4892-B5FB-09E30FFC312B}.DEVMIN|Mixed Platforms.ActiveCfg = DebugWPF|x86
		{5EE0FBFF-3A4B-4892-B5FB-09E30FFC312B}.DEVMIN|Mixed Platforms.Build.0 = DebugWPF|x86
		{5EE0FBFF-3A4B-4892-B5FB-09E30FFC312B}.DEVMIN|x86.ActiveCfg = DebugWPF|x86
		{5EE0FBFF-3A4B-4892-B5FB-09E30FFC312B}.DEVMIN|x86.Build.0 = DebugWPF|x86
		{5EE0FBFF-3A4B-4892-B5FB-09E30FFC312B}.Release|Any CPU.ActiveCfg = Release|Any CPU
		{5EE0FBFF-3A4B-4892-B5FB-09E30FFC312B}.Release|Any CPU.Build.0 = Release|Any CPU
		{5EE0FBFF-3A4B-4892-B5FB-09E30FFC312B}.Release|Mixed Platforms.ActiveCfg = Release|x86
		{5EE0FBFF-3A4B-4892-B5FB-09E30FFC312B}.Release|Mixed Platforms.Build.0 = Release|x86
		{5EE0FBFF-3A4B-4892-B5FB-09E30FFC312B}.Release|x86.ActiveCfg = Release|x86
		{5EE0FBFF-3A4B-4892-B5FB-09E30FFC312B}.Release|x86.Build.0 = Release|x86
		{7661680B-0696-4F3A-8C90-992FB1728971}.CodeAnalysisDebug|Any CPU.ActiveCfg = Debug|Any CPU
		{7661680B-0696-4F3A-8C90-992FB1728971}.CodeAnalysisDebug|Any CPU.Build.0 = Debug|Any CPU
		{7661680B-0696-4F3A-8C90-992FB1728971}.CodeAnalysisDebug|Mixed Platforms.ActiveCfg = Debug|x86
		{7661680B-0696-4F3A-8C90-992FB1728971}.CodeAnalysisDebug|Mixed Platforms.Build.0 = Debug|x86
		{7661680B-0696-4F3A-8C90-992FB1728971}.CodeAnalysisDebug|x86.ActiveCfg = Debug|x86
		{7661680B-0696-4F3A-8C90-992FB1728971}.CodeAnalysisDebug|x86.Build.0 = Debug|x86
		{7661680B-0696-4F3A-8C90-992FB1728971}.Debug|Any CPU.ActiveCfg = Debug|Any CPU
		{7661680B-0696-4F3A-8C90-992FB1728971}.Debug|Any CPU.Build.0 = Debug|Any CPU
		{7661680B-0696-4F3A-8C90-992FB1728971}.Debug|Mixed Platforms.ActiveCfg = Debug|Any CPU
		{7661680B-0696-4F3A-8C90-992FB1728971}.Debug|Mixed Platforms.Build.0 = Debug|Any CPU
		{7661680B-0696-4F3A-8C90-992FB1728971}.Debug|x86.ActiveCfg = Debug|x86
		{7661680B-0696-4F3A-8C90-992FB1728971}.Debug|x86.Build.0 = Debug|x86
		{7661680B-0696-4F3A-8C90-992FB1728971}.DebugWPF|Any CPU.ActiveCfg = DebugWPF|Any CPU
		{7661680B-0696-4F3A-8C90-992FB1728971}.DebugWPF|Any CPU.Build.0 = DebugWPF|Any CPU
		{7661680B-0696-4F3A-8C90-992FB1728971}.DebugWPF|Mixed Platforms.ActiveCfg = DebugWPF|x86
		{7661680B-0696-4F3A-8C90-992FB1728971}.DebugWPF|Mixed Platforms.Build.0 = DebugWPF|x86
		{7661680B-0696-4F3A-8C90-992FB1728971}.DebugWPF|x86.ActiveCfg = DebugWPF|x86
		{7661680B-0696-4F3A-8C90-992FB1728971}.DebugWPF|x86.Build.0 = DebugWPF|x86
		{7661680B-0696-4F3A-8C90-992FB1728971}.DEVMIN|Any CPU.ActiveCfg = DebugWPF|Any CPU
		{7661680B-0696-4F3A-8C90-992FB1728971}.DEVMIN|Any CPU.Build.0 = DebugWPF|Any CPU
		{7661680B-0696-4F3A-8C90-992FB1728971}.DEVMIN|Mixed Platforms.ActiveCfg = DebugWPF|x86
		{7661680B-0696-4F3A-8C90-992FB1728971}.DEVMIN|Mixed Platforms.Build.0 = DebugWPF|x86
		{7661680B-0696-4F3A-8C90-992FB1728971}.DEVMIN|x86.ActiveCfg = DebugWPF|x86
		{7661680B-0696-4F3A-8C90-992FB1728971}.DEVMIN|x86.Build.0 = DebugWPF|x86
		{7661680B-0696-4F3A-8C90-992FB1728971}.Release|Any CPU.ActiveCfg = Release|Any CPU
		{7661680B-0696-4F3A-8C90-992FB1728971}.Release|Any CPU.Build.0 = Release|Any CPU
		{7661680B-0696-4F3A-8C90-992FB1728971}.Release|Mixed Platforms.ActiveCfg = Release|x86
		{7661680B-0696-4F3A-8C90-992FB1728971}.Release|Mixed Platforms.Build.0 = Release|x86
		{7661680B-0696-4F3A-8C90-992FB1728971}.Release|x86.ActiveCfg = Release|x86
		{7661680B-0696-4F3A-8C90-992FB1728971}.Release|x86.Build.0 = Release|x86
		{4BC73253-CAE9-474B-BB52-D7C8750B39DD}.CodeAnalysisDebug|Any CPU.ActiveCfg = Debug|Any CPU
		{4BC73253-CAE9-474B-BB52-D7C8750B39DD}.CodeAnalysisDebug|Any CPU.Build.0 = Debug|Any CPU
		{4BC73253-CAE9-474B-BB52-D7C8750B39DD}.CodeAnalysisDebug|Mixed Platforms.ActiveCfg = Debug|Any CPU
		{4BC73253-CAE9-474B-BB52-D7C8750B39DD}.CodeAnalysisDebug|Mixed Platforms.Build.0 = Debug|Any CPU
		{4BC73253-CAE9-474B-BB52-D7C8750B39DD}.CodeAnalysisDebug|x86.ActiveCfg = Debug|Any CPU
		{4BC73253-CAE9-474B-BB52-D7C8750B39DD}.Debug|Any CPU.ActiveCfg = Debug|Any CPU
		{4BC73253-CAE9-474B-BB52-D7C8750B39DD}.Debug|Any CPU.Build.0 = Debug|Any CPU
		{4BC73253-CAE9-474B-BB52-D7C8750B39DD}.Debug|Mixed Platforms.ActiveCfg = Debug|Any CPU
		{4BC73253-CAE9-474B-BB52-D7C8750B39DD}.Debug|Mixed Platforms.Build.0 = Debug|Any CPU
		{4BC73253-CAE9-474B-BB52-D7C8750B39DD}.Debug|x86.ActiveCfg = Debug|Any CPU
		{4BC73253-CAE9-474B-BB52-D7C8750B39DD}.DebugWPF|Any CPU.ActiveCfg = DebugWPF|Any CPU
		{4BC73253-CAE9-474B-BB52-D7C8750B39DD}.DebugWPF|Any CPU.Build.0 = DebugWPF|Any CPU
		{4BC73253-CAE9-474B-BB52-D7C8750B39DD}.DebugWPF|Mixed Platforms.ActiveCfg = DebugWPF|Any CPU
		{4BC73253-CAE9-474B-BB52-D7C8750B39DD}.DebugWPF|Mixed Platforms.Build.0 = DebugWPF|Any CPU
		{4BC73253-CAE9-474B-BB52-D7C8750B39DD}.DebugWPF|x86.ActiveCfg = DebugWPF|Any CPU
		{4BC73253-CAE9-474B-BB52-D7C8750B39DD}.DEVMIN|Any CPU.ActiveCfg = DebugWPF|Any CPU
		{4BC73253-CAE9-474B-BB52-D7C8750B39DD}.DEVMIN|Any CPU.Build.0 = DebugWPF|Any CPU
		{4BC73253-CAE9-474B-BB52-D7C8750B39DD}.DEVMIN|Mixed Platforms.ActiveCfg = DebugWPF|Any CPU
		{4BC73253-CAE9-474B-BB52-D7C8750B39DD}.DEVMIN|Mixed Platforms.Build.0 = DebugWPF|Any CPU
		{4BC73253-CAE9-474B-BB52-D7C8750B39DD}.DEVMIN|x86.ActiveCfg = DebugWPF|Any CPU
		{4BC73253-CAE9-474B-BB52-D7C8750B39DD}.Release|Any CPU.ActiveCfg = Release|Any CPU
		{4BC73253-CAE9-474B-BB52-D7C8750B39DD}.Release|Any CPU.Build.0 = Release|Any CPU
		{4BC73253-CAE9-474B-BB52-D7C8750B39DD}.Release|Mixed Platforms.ActiveCfg = Release|Any CPU
		{4BC73253-CAE9-474B-BB52-D7C8750B39DD}.Release|Mixed Platforms.Build.0 = Release|Any CPU
		{4BC73253-CAE9-474B-BB52-D7C8750B39DD}.Release|x86.ActiveCfg = Release|Any CPU
		{565A74ED-24A3-48AC-905E-4CD16D54F0D4}.CodeAnalysisDebug|Any CPU.ActiveCfg = Debug|Any CPU
		{565A74ED-24A3-48AC-905E-4CD16D54F0D4}.CodeAnalysisDebug|Any CPU.Build.0 = Debug|Any CPU
		{565A74ED-24A3-48AC-905E-4CD16D54F0D4}.CodeAnalysisDebug|Mixed Platforms.ActiveCfg = Debug|Any CPU
		{565A74ED-24A3-48AC-905E-4CD16D54F0D4}.CodeAnalysisDebug|Mixed Platforms.Build.0 = Debug|Any CPU
		{565A74ED-24A3-48AC-905E-4CD16D54F0D4}.CodeAnalysisDebug|x86.ActiveCfg = Debug|Any CPU
		{565A74ED-24A3-48AC-905E-4CD16D54F0D4}.Debug|Any CPU.ActiveCfg = Debug|Any CPU
		{565A74ED-24A3-48AC-905E-4CD16D54F0D4}.Debug|Any CPU.Build.0 = Debug|Any CPU
		{565A74ED-24A3-48AC-905E-4CD16D54F0D4}.Debug|Mixed Platforms.ActiveCfg = Debug|Any CPU
		{565A74ED-24A3-48AC-905E-4CD16D54F0D4}.Debug|Mixed Platforms.Build.0 = Debug|Any CPU
		{565A74ED-24A3-48AC-905E-4CD16D54F0D4}.Debug|x86.ActiveCfg = Debug|Any CPU
		{565A74ED-24A3-48AC-905E-4CD16D54F0D4}.DebugWPF|Any CPU.ActiveCfg = DebugWPF|Any CPU
		{565A74ED-24A3-48AC-905E-4CD16D54F0D4}.DebugWPF|Any CPU.Build.0 = DebugWPF|Any CPU
		{565A74ED-24A3-48AC-905E-4CD16D54F0D4}.DebugWPF|Mixed Platforms.ActiveCfg = DebugWPF|Any CPU
		{565A74ED-24A3-48AC-905E-4CD16D54F0D4}.DebugWPF|Mixed Platforms.Build.0 = DebugWPF|Any CPU
		{565A74ED-24A3-48AC-905E-4CD16D54F0D4}.DebugWPF|x86.ActiveCfg = DebugWPF|Any CPU
		{565A74ED-24A3-48AC-905E-4CD16D54F0D4}.DEVMIN|Any CPU.ActiveCfg = DebugWPF|Any CPU
		{565A74ED-24A3-48AC-905E-4CD16D54F0D4}.DEVMIN|Any CPU.Build.0 = DebugWPF|Any CPU
		{565A74ED-24A3-48AC-905E-4CD16D54F0D4}.DEVMIN|Mixed Platforms.ActiveCfg = DebugWPF|Any CPU
		{565A74ED-24A3-48AC-905E-4CD16D54F0D4}.DEVMIN|Mixed Platforms.Build.0 = DebugWPF|Any CPU
		{565A74ED-24A3-48AC-905E-4CD16D54F0D4}.DEVMIN|x86.ActiveCfg = DebugWPF|Any CPU
		{565A74ED-24A3-48AC-905E-4CD16D54F0D4}.Release|Any CPU.ActiveCfg = Release|Any CPU
		{565A74ED-24A3-48AC-905E-4CD16D54F0D4}.Release|Any CPU.Build.0 = Release|Any CPU
		{565A74ED-24A3-48AC-905E-4CD16D54F0D4}.Release|Mixed Platforms.ActiveCfg = Release|Any CPU
		{565A74ED-24A3-48AC-905E-4CD16D54F0D4}.Release|Mixed Platforms.Build.0 = Release|Any CPU
		{565A74ED-24A3-48AC-905E-4CD16D54F0D4}.Release|x86.ActiveCfg = Release|Any CPU
		{F859CA26-F5AB-421B-807D-FE4ED3B257E5}.CodeAnalysisDebug|Any CPU.ActiveCfg = Debug|Any CPU
		{F859CA26-F5AB-421B-807D-FE4ED3B257E5}.CodeAnalysisDebug|Any CPU.Build.0 = Debug|Any CPU
		{F859CA26-F5AB-421B-807D-FE4ED3B257E5}.CodeAnalysisDebug|Mixed Platforms.ActiveCfg = Debug|Any CPU
		{F859CA26-F5AB-421B-807D-FE4ED3B257E5}.CodeAnalysisDebug|Mixed Platforms.Build.0 = Debug|Any CPU
		{F859CA26-F5AB-421B-807D-FE4ED3B257E5}.CodeAnalysisDebug|x86.ActiveCfg = Debug|Any CPU
		{F859CA26-F5AB-421B-807D-FE4ED3B257E5}.Debug|Any CPU.ActiveCfg = Debug|Any CPU
		{F859CA26-F5AB-421B-807D-FE4ED3B257E5}.Debug|Any CPU.Build.0 = Debug|Any CPU
		{F859CA26-F5AB-421B-807D-FE4ED3B257E5}.Debug|Mixed Platforms.ActiveCfg = Debug|Any CPU
		{F859CA26-F5AB-421B-807D-FE4ED3B257E5}.Debug|Mixed Platforms.Build.0 = Debug|Any CPU
		{F859CA26-F5AB-421B-807D-FE4ED3B257E5}.Debug|x86.ActiveCfg = Debug|Any CPU
		{F859CA26-F5AB-421B-807D-FE4ED3B257E5}.DebugWPF|Any CPU.ActiveCfg = DebugWPF|Any CPU
		{F859CA26-F5AB-421B-807D-FE4ED3B257E5}.DebugWPF|Any CPU.Build.0 = DebugWPF|Any CPU
		{F859CA26-F5AB-421B-807D-FE4ED3B257E5}.DebugWPF|Mixed Platforms.ActiveCfg = DebugWPF|Any CPU
		{F859CA26-F5AB-421B-807D-FE4ED3B257E5}.DebugWPF|Mixed Platforms.Build.0 = DebugWPF|Any CPU
		{F859CA26-F5AB-421B-807D-FE4ED3B257E5}.DebugWPF|x86.ActiveCfg = DebugWPF|Any CPU
		{F859CA26-F5AB-421B-807D-FE4ED3B257E5}.DEVMIN|Any CPU.ActiveCfg = DebugWPF|Any CPU
		{F859CA26-F5AB-421B-807D-FE4ED3B257E5}.DEVMIN|Any CPU.Build.0 = DebugWPF|Any CPU
		{F859CA26-F5AB-421B-807D-FE4ED3B257E5}.DEVMIN|Mixed Platforms.ActiveCfg = DebugWPF|Any CPU
		{F859CA26-F5AB-421B-807D-FE4ED3B257E5}.DEVMIN|Mixed Platforms.Build.0 = DebugWPF|Any CPU
		{F859CA26-F5AB-421B-807D-FE4ED3B257E5}.DEVMIN|x86.ActiveCfg = DebugWPF|Any CPU
		{F859CA26-F5AB-421B-807D-FE4ED3B257E5}.Release|Any CPU.ActiveCfg = Release|Any CPU
		{F859CA26-F5AB-421B-807D-FE4ED3B257E5}.Release|Any CPU.Build.0 = Release|Any CPU
		{F859CA26-F5AB-421B-807D-FE4ED3B257E5}.Release|Mixed Platforms.ActiveCfg = Release|Any CPU
		{F859CA26-F5AB-421B-807D-FE4ED3B257E5}.Release|Mixed Platforms.Build.0 = Release|Any CPU
		{F859CA26-F5AB-421B-807D-FE4ED3B257E5}.Release|x86.ActiveCfg = Release|Any CPU
		{DD6A4521-3405-4B1A-8C6B-638B65D8E8A4}.CodeAnalysisDebug|Any CPU.ActiveCfg = Debug|Any CPU
		{DD6A4521-3405-4B1A-8C6B-638B65D8E8A4}.CodeAnalysisDebug|Any CPU.Build.0 = Debug|Any CPU
		{DD6A4521-3405-4B1A-8C6B-638B65D8E8A4}.CodeAnalysisDebug|Mixed Platforms.ActiveCfg = Debug|Any CPU
		{DD6A4521-3405-4B1A-8C6B-638B65D8E8A4}.CodeAnalysisDebug|Mixed Platforms.Build.0 = Debug|Any CPU
		{DD6A4521-3405-4B1A-8C6B-638B65D8E8A4}.CodeAnalysisDebug|x86.ActiveCfg = Debug|Any CPU
		{DD6A4521-3405-4B1A-8C6B-638B65D8E8A4}.Debug|Any CPU.ActiveCfg = Debug|Any CPU
		{DD6A4521-3405-4B1A-8C6B-638B65D8E8A4}.Debug|Any CPU.Build.0 = Debug|Any CPU
		{DD6A4521-3405-4B1A-8C6B-638B65D8E8A4}.Debug|Mixed Platforms.ActiveCfg = Debug|Any CPU
		{DD6A4521-3405-4B1A-8C6B-638B65D8E8A4}.Debug|Mixed Platforms.Build.0 = Debug|Any CPU
		{DD6A4521-3405-4B1A-8C6B-638B65D8E8A4}.Debug|x86.ActiveCfg = Debug|Any CPU
		{DD6A4521-3405-4B1A-8C6B-638B65D8E8A4}.DebugWPF|Any CPU.ActiveCfg = Debug|Any CPU
		{DD6A4521-3405-4B1A-8C6B-638B65D8E8A4}.DebugWPF|Any CPU.Build.0 = Debug|Any CPU
		{DD6A4521-3405-4B1A-8C6B-638B65D8E8A4}.DebugWPF|Mixed Platforms.ActiveCfg = Debug|Any CPU
		{DD6A4521-3405-4B1A-8C6B-638B65D8E8A4}.DebugWPF|Mixed Platforms.Build.0 = Debug|Any CPU
		{DD6A4521-3405-4B1A-8C6B-638B65D8E8A4}.DebugWPF|x86.ActiveCfg = Debug|Any CPU
		{DD6A4521-3405-4B1A-8C6B-638B65D8E8A4}.DEVMIN|Any CPU.ActiveCfg = Debug|Any CPU
		{DD6A4521-3405-4B1A-8C6B-638B65D8E8A4}.DEVMIN|Any CPU.Build.0 = Debug|Any CPU
		{DD6A4521-3405-4B1A-8C6B-638B65D8E8A4}.DEVMIN|Mixed Platforms.ActiveCfg = Debug|Any CPU
		{DD6A4521-3405-4B1A-8C6B-638B65D8E8A4}.DEVMIN|Mixed Platforms.Build.0 = Debug|Any CPU
		{DD6A4521-3405-4B1A-8C6B-638B65D8E8A4}.DEVMIN|x86.ActiveCfg = Debug|Any CPU
		{DD6A4521-3405-4B1A-8C6B-638B65D8E8A4}.Release|Any CPU.ActiveCfg = Release|Any CPU
		{DD6A4521-3405-4B1A-8C6B-638B65D8E8A4}.Release|Any CPU.Build.0 = Release|Any CPU
		{DD6A4521-3405-4B1A-8C6B-638B65D8E8A4}.Release|Mixed Platforms.ActiveCfg = Release|Any CPU
		{DD6A4521-3405-4B1A-8C6B-638B65D8E8A4}.Release|Mixed Platforms.Build.0 = Release|Any CPU
		{DD6A4521-3405-4B1A-8C6B-638B65D8E8A4}.Release|x86.ActiveCfg = Release|Any CPU
		{C9A243E5-6443-4A00-ACAC-C20A61286264}.CodeAnalysisDebug|Any CPU.ActiveCfg = Debug|Any CPU
		{C9A243E5-6443-4A00-ACAC-C20A61286264}.CodeAnalysisDebug|Any CPU.Build.0 = Debug|Any CPU
		{C9A243E5-6443-4A00-ACAC-C20A61286264}.CodeAnalysisDebug|Mixed Platforms.ActiveCfg = Debug|Any CPU
		{C9A243E5-6443-4A00-ACAC-C20A61286264}.CodeAnalysisDebug|Mixed Platforms.Build.0 = Debug|Any CPU
		{C9A243E5-6443-4A00-ACAC-C20A61286264}.CodeAnalysisDebug|x86.ActiveCfg = Debug|Any CPU
		{C9A243E5-6443-4A00-ACAC-C20A61286264}.CodeAnalysisDebug|x86.Build.0 = Debug|Any CPU
		{C9A243E5-6443-4A00-ACAC-C20A61286264}.Debug|Any CPU.ActiveCfg = Debug|Any CPU
		{C9A243E5-6443-4A00-ACAC-C20A61286264}.Debug|Mixed Platforms.ActiveCfg = Debug|Any CPU
		{C9A243E5-6443-4A00-ACAC-C20A61286264}.Debug|Mixed Platforms.Build.0 = Debug|Any CPU
		{C9A243E5-6443-4A00-ACAC-C20A61286264}.Debug|x86.ActiveCfg = Debug|Any CPU
		{C9A243E5-6443-4A00-ACAC-C20A61286264}.Debug|x86.Build.0 = Debug|Any CPU
		{C9A243E5-6443-4A00-ACAC-C20A61286264}.DebugWPF|Any CPU.ActiveCfg = Debug|Any CPU
		{C9A243E5-6443-4A00-ACAC-C20A61286264}.DebugWPF|Any CPU.Build.0 = Debug|Any CPU
		{C9A243E5-6443-4A00-ACAC-C20A61286264}.DebugWPF|Mixed Platforms.ActiveCfg = Debug|Any CPU
		{C9A243E5-6443-4A00-ACAC-C20A61286264}.DebugWPF|Mixed Platforms.Build.0 = Debug|Any CPU
		{C9A243E5-6443-4A00-ACAC-C20A61286264}.DebugWPF|x86.ActiveCfg = Debug|Any CPU
		{C9A243E5-6443-4A00-ACAC-C20A61286264}.DebugWPF|x86.Build.0 = Debug|Any CPU
		{C9A243E5-6443-4A00-ACAC-C20A61286264}.DEVMIN|Any CPU.ActiveCfg = Debug|Any CPU
		{C9A243E5-6443-4A00-ACAC-C20A61286264}.DEVMIN|Any CPU.Build.0 = Debug|Any CPU
		{C9A243E5-6443-4A00-ACAC-C20A61286264}.DEVMIN|Mixed Platforms.ActiveCfg = Debug|Any CPU
		{C9A243E5-6443-4A00-ACAC-C20A61286264}.DEVMIN|Mixed Platforms.Build.0 = Debug|Any CPU
		{C9A243E5-6443-4A00-ACAC-C20A61286264}.DEVMIN|x86.ActiveCfg = Debug|Any CPU
		{C9A243E5-6443-4A00-ACAC-C20A61286264}.DEVMIN|x86.Build.0 = Debug|Any CPU
		{C9A243E5-6443-4A00-ACAC-C20A61286264}.Release|Any CPU.ActiveCfg = Release|Any CPU
		{C9A243E5-6443-4A00-ACAC-C20A61286264}.Release|Any CPU.Build.0 = Release|Any CPU
		{C9A243E5-6443-4A00-ACAC-C20A61286264}.Release|Mixed Platforms.ActiveCfg = Release|Any CPU
		{C9A243E5-6443-4A00-ACAC-C20A61286264}.Release|Mixed Platforms.Build.0 = Release|Any CPU
		{C9A243E5-6443-4A00-ACAC-C20A61286264}.Release|x86.ActiveCfg = Release|Any CPU
		{C9A243E5-6443-4A00-ACAC-C20A61286264}.Release|x86.Build.0 = Release|Any CPU
	EndGlobalSection
	GlobalSection(SolutionProperties) = preSolution
		HideSolutionNode = FALSE
	EndGlobalSection
	GlobalSection(NestedProjects) = preSolution
		{9291A0A5-2F56-4934-914C-AA799796C9B2} = {60C80E19-C757-444E-9C5B-BBD23D3755B7}
		{87096A17-E9A2-41CE-9C6E-CC4B95902B8D} = {3FACD548-02A3-40D2-92BB-2134284C33F5}
		{60C80E19-C757-444E-9C5B-BBD23D3755B7} = {3FACD548-02A3-40D2-92BB-2134284C33F5}
		{1A04EEDB-92B1-4900-A7F6-4967DEB9E1B8} = {3FACD548-02A3-40D2-92BB-2134284C33F5}
		{DD66017F-7F66-4BDD-AAD8-09525E3BA5D7} = {3FACD548-02A3-40D2-92BB-2134284C33F5}
		{F3E7E7E4-F5A9-4B66-A180-7938DE273A44} = {3FACD548-02A3-40D2-92BB-2134284C33F5}
		{CE7F56D4-CEF5-487A-B717-F1AAC7D100D2} = {3FACD548-02A3-40D2-92BB-2134284C33F5}
		{268C6BA7-04B5-46E8-AD16-840D4E028D58} = {3FACD548-02A3-40D2-92BB-2134284C33F5}
		{0AA29174-3175-4583-9CBB-C08FBB7C2245} = {F3E7E7E4-F5A9-4B66-A180-7938DE273A44}
		{266D7349-A7EC-4B5B-AA38-44D5AB276357} = {F3E7E7E4-F5A9-4B66-A180-7938DE273A44}
		{A13A71EB-4DBE-4653-875F-E8FC359BE2A4} = {60C80E19-C757-444E-9C5B-BBD23D3755B7}
		{5E1B61EB-D393-465A-B706-FC516C456F3D} = {87096A17-E9A2-41CE-9C6E-CC4B95902B8D}
		{D477A7F0-EC09-45EB-8EE9-7B1C2E76A0DD} = {87096A17-E9A2-41CE-9C6E-CC4B95902B8D}
		{B022381A-54F6-4B3C-B13F-F95FBFBB54AE} = {268C6BA7-04B5-46E8-AD16-840D4E028D58}
		{A1326555-AD64-4A93-A95C-B68ABD5672D4} = {DD66017F-7F66-4BDD-AAD8-09525E3BA5D7}
		{C044C5A8-5694-4311-AB9B-FE1E122AEFE2} = {DD66017F-7F66-4BDD-AAD8-09525E3BA5D7}
		{0F71F91F-358F-4320-8618-C4EFB140EDC7} = {DD66017F-7F66-4BDD-AAD8-09525E3BA5D7}
		{D52AF832-82BC-4B1A-BC9C-16D2C204F169} = {DD66017F-7F66-4BDD-AAD8-09525E3BA5D7}
		{C3309487-776A-479E-8CDC-BE291631B12B} = {DD66017F-7F66-4BDD-AAD8-09525E3BA5D7}
		{4F658495-3989-461D-B2BE-A989ABAF1A47} = {DD66017F-7F66-4BDD-AAD8-09525E3BA5D7}
		{3581983A-7231-4F33-A3F8-73BCF040BFD4} = {DD66017F-7F66-4BDD-AAD8-09525E3BA5D7}
		{2DAF1685-10C7-46B9-9C99-B38CC6143C89} = {DD66017F-7F66-4BDD-AAD8-09525E3BA5D7}
		{4E43C62A-4F88-45B6-A420-ECE29917822C} = {DD66017F-7F66-4BDD-AAD8-09525E3BA5D7}
		{6E840110-C9E8-4C86-A061-4ED8F3438F12} = {DD66017F-7F66-4BDD-AAD8-09525E3BA5D7}
		{A0D73DD4-543F-41C7-8ADE-ED57D8B5EB90} = {CE7F56D4-CEF5-487A-B717-F1AAC7D100D2}
		{5EE0FBFF-3A4B-4892-B5FB-09E30FFC312B} = {9291A0A5-2F56-4934-914C-AA799796C9B2}
		{7661680B-0696-4F3A-8C90-992FB1728971} = {9291A0A5-2F56-4934-914C-AA799796C9B2}
		{4BC73253-CAE9-474B-BB52-D7C8750B39DD} = {9291A0A5-2F56-4934-914C-AA799796C9B2}
		{565A74ED-24A3-48AC-905E-4CD16D54F0D4} = {9291A0A5-2F56-4934-914C-AA799796C9B2}
		{F859CA26-F5AB-421B-807D-FE4ED3B257E5} = {9291A0A5-2F56-4934-914C-AA799796C9B2}
		{DD6A4521-3405-4B1A-8C6B-638B65D8E8A4} = {DD66017F-7F66-4BDD-AAD8-09525E3BA5D7}
		{C9A243E5-6443-4A00-ACAC-C20A61286264} = {0361409C-8D08-45B2-83C4-5FFFF73342D8}
	EndGlobalSection
	GlobalSection(TeamFoundationVersionControl) = preSolution
		SccNumberOfProjects = 27
		SccEnterpriseProvider = {4CA58AB2-18FA-4F8D-95D4-32DDF27D184C}
		SccTeamFoundationServer = https://desknet.visualstudio.com/
		SccLocalPath0 = .
		SccProjectUniqueName1 = SharedLibraries\\BChromeWindow\\BChromeWindow.csproj
		SccProjectTopLevelParentUniqueName1 = Sobees.sln
		SccProjectName1 = SharedLibraries/BChromeWindow
		SccLocalPath1 = SharedLibraries\\BChromeWindow
		SccProjectUniqueName2 = SharedLibraries\\BDragDropLib\\WpfDragDropLib\\BDragDropLib.csproj
		SccProjectTopLevelParentUniqueName2 = Sobees.sln
		SccProjectName2 = SharedLibraries/BDragDropLib/WpfDragDropLib
		SccLocalPath2 = SharedLibraries\\BDragDropLib\\WpfDragDropLib
		SccProjectUniqueName3 = SharedLibraries\\BGlassWindow\\BGlassWindow.csproj
		SccProjectTopLevelParentUniqueName3 = Sobees.sln
		SccProjectName3 = SharedLibraries/BGlassWindow
		SccLocalPath3 = SharedLibraries\\BGlassWindow
		SccProjectUniqueName4 = SharedLibraries\\BTransitionEffects\\BTransitionEffects.csproj
		SccProjectTopLevelParentUniqueName4 = Sobees.sln
		SccProjectName4 = SharedLibraries/BTransitionEffects
		SccLocalPath4 = SharedLibraries\\BTransitionEffects
		SccProjectUniqueName5 = SharedLibraries\\GAPI\\GAPI\\BGoogleLib.csproj
		SccProjectTopLevelParentUniqueName5 = Sobees.sln
		SccProjectName5 = SharedLibraries/GAPI/GAPI
		SccLocalPath5 = SharedLibraries\\GAPI\\GAPI
		SccProjectUniqueName6 = Templates\\Sobees.Templates.WPF\\Sobees.Templates.WPF.csproj
		SccProjectTopLevelParentUniqueName6 = Sobees.sln
		SccProjectName6 = Templates/Sobees.Templates.WPF
		SccLocalPath6 = Templates\\Sobees.Templates.WPF
		SccProjectUniqueName7 = Templates\\Themes\\BThemeBlack.WPF\\BThemeBlack.WPF.csproj
		SccProjectTopLevelParentUniqueName7 = Sobees.sln
		SccProjectName7 = Templates/Themes/BThemeBlack.WPF
		SccLocalPath7 = Templates\\Themes\\BThemeBlack.WPF
		SccProjectUniqueName8 = Templates\\Themes\\bThemeClassical.WPF\\BThemeClassical.WPF.csproj
		SccProjectTopLevelParentUniqueName8 = Sobees.sln
		SccProjectName8 = Templates/Themes/bThemeClassical.WPF
		SccLocalPath8 = Templates\\Themes\\bThemeClassical.WPF
		SccProjectUniqueName9 = Templates\\Themes\\BThemeForest.WPF\\BThemeForest.WPF.csproj
		SccProjectTopLevelParentUniqueName9 = Sobees.sln
		SccProjectName9 = Templates/Themes/BThemeForest.WPF
		SccLocalPath9 = Templates\\Themes\\BThemeForest.WPF
		SccProjectUniqueName10 = Templates\\Themes\\BThemePurple.WPF\\BThemePurple.WPF.csproj
		SccProjectTopLevelParentUniqueName10 = Sobees.sln
		SccProjectName10 = Templates/Themes/BThemePurple.WPF
		SccLocalPath10 = Templates\\Themes\\BThemePurple.WPF
		SccProjectUniqueName11 = Templates\\Themes\\BThemeSnow.WPF\\BThemeSnow.WPF.csproj
		SccProjectTopLevelParentUniqueName11 = Sobees.sln
		SccProjectName11 = Templates/Themes/BThemeSnow.WPF
		SccLocalPath11 = Templates\\Themes\\BThemeSnow.WPF
		SccProjectUniqueName12 = ThirdParty\\UniveRss.HtmlConverter\\UniveRss.HtmlConverter\\UniveRss.HtmlConverter.csproj
		SccProjectTopLevelParentUniqueName12 = Sobees.sln
		SccProjectName12 = ThirdParty/UniveRss.HtmlConverter/UniveRss.HtmlConverter
		SccLocalPath12 = ThirdParty\\UniveRss.HtmlConverter\\UniveRss.HtmlConverter
		SccProjectUniqueName13 = WPF\\Sobees.WPF\\Sobees.WPF.csproj
		SccProjectTopLevelParentUniqueName13 = Sobees.sln
		SccProjectName13 = WPF/Sobees.WPF
		SccLocalPath13 = WPF\\Sobees.WPF
		SccProjectUniqueName14 = Controls\\Sobees.Controls.Twitter.WPF\\Sobees.Controls.Twitter.WPF.csproj
		SccProjectTopLevelParentUniqueName14 = Sobees.sln
		SccProjectName14 = Controls/Sobees.Controls.Twitter.WPF
		SccLocalPath14 = Controls\\Sobees.Controls.Twitter.WPF
		SccProjectUniqueName15 = Controls\\Sobees.Controls.TwitterSearch.WPF\\Sobees.Controls.TwitterSearch.WPF.csproj
		SccProjectTopLevelParentUniqueName15 = Sobees.sln
		SccProjectName15 = Controls/Sobees.Controls.TwitterSearch.WPF
		SccLocalPath15 = Controls\\Sobees.Controls.TwitterSearch.WPF
		SccProjectUniqueName16 = Infrastucture\\Sobees.Infrastructure.WPF\\Sobees.Infrastructure.WPF.csproj
		SccProjectTopLevelParentUniqueName16 = Sobees.sln
		SccProjectName16 = Infrastucture/Sobees.Infrastructure.WPF
		SccLocalPath16 = Infrastucture\\Sobees.Infrastructure.WPF
		SccProjectUniqueName17 = Infrastucture\\Sobees.Tools.WPF\\Sobees.Tools.WPF.csproj
		SccProjectTopLevelParentUniqueName17 = Sobees.sln
		SccProjectName17 = Infrastucture/Sobees.Tools.WPF
		SccLocalPath17 = Infrastucture\\Sobees.Tools.WPF
		SccProjectUniqueName18 = SharedLibraries\\BGenericLib\\BGenericLib.csproj
		SccProjectTopLevelParentUniqueName18 = Sobees.sln
		SccProjectName18 = SharedLibraries/BGenericLib
		SccLocalPath18 = SharedLibraries\\BGenericLib
		SccProjectUniqueName19 = SharedLibraries\\BLocalizeLib\\BLocalizeLib.csproj
		SccProjectTopLevelParentUniqueName19 = Sobees.sln
		SccProjectName19 = SharedLibraries/BLocalizeLib
		SccLocalPath19 = SharedLibraries\\BLocalizeLib
		SccProjectUniqueName20 = SharedLibraries\\BServicesLib\\BServicesLib.csproj
		SccProjectTopLevelParentUniqueName20 = Sobees.sln
		SccProjectName20 = SharedLibraries/BServicesLib
		SccLocalPath20 = SharedLibraries\\BServicesLib
		SccProjectUniqueName21 = SharedLibraries\\BTwitterLib\\BTwitterLib.csproj
		SccProjectTopLevelParentUniqueName21 = Sobees.sln
		SccProjectName21 = SharedLibraries/BTwitterLib
		SccLocalPath21 = SharedLibraries\\BTwitterLib
		SccProjectUniqueName22 = SharedLibraries\\BUtilities\\BUtilities.csproj
		SccProjectTopLevelParentUniqueName22 = Sobees.sln
		SccProjectName22 = SharedLibraries/BUtilities
		SccLocalPath22 = SharedLibraries\\BUtilities
		SccProjectUniqueName23 = WPF\\BGlobals.WPF\\BGlobals.WPF.csproj
		SccProjectTopLevelParentUniqueName23 = Sobees.sln
		SccProjectName23 = WPF/BGlobals.WPF
		SccLocalPath23 = WPF\\BGlobals.WPF
		SccProjectUniqueName24 = SharedLibraries\\BResolveUrlLibrary\\BResolveUrlLibrary.csproj
		SccProjectTopLevelParentUniqueName24 = Sobees.sln
		SccProjectName24 = SharedLibraries/BResolveUrlLibrary
		SccLocalPath24 = SharedLibraries\\BResolveUrlLibrary
		SccProjectUniqueName25 = SobeesWixSetup\\SobeesWixSetup.csproj
		SccProjectTopLevelParentUniqueName25 = Sobees.sln
		SccProjectName25 = SobeesWixSetup
		SccLocalPath25 = SobeesWixSetup
		SccProjectUniqueName26 = Setup\\SobeesMsiSetup\\SobeesMsiSetup.csproj
		SccProjectTopLevelParentUniqueName26 = Sobees.sln
		SccProjectName26 = Setup/SobeesMsiSetup
		SccLocalPath26 = Setup\\SobeesMsiSetup
	EndGlobalSection
EndGlobal
